// !$*UTF8*$!
{
	archiveVersion = 1;
	classes = {
	};
	objectVersion = 55;
	objects = {

/* Begin PBXBuildFile section */
		445D288E28C218D10028D5FF /* PostalCodeData.swift in Sources */ = {isa = PBXBuildFile; fileRef = 445D288D28C218D10028D5FF /* PostalCodeData.swift */; };
		445D289128C219650028D5FF /* PostalCodeService.swift in Sources */ = {isa = PBXBuildFile; fileRef = 445D289028C219650028D5FF /* PostalCodeService.swift */; };
		445D289328C21AB80028D5FF /* NetworkError.swift in Sources */ = {isa = PBXBuildFile; fileRef = 445D289228C21AB80028D5FF /* NetworkError.swift */; };
		445D289528C21B4B0028D5FF /* Generic.swift in Sources */ = {isa = PBXBuildFile; fileRef = 445D289428C21B4B0028D5FF /* Generic.swift */; };
		4466894328AE2995002A55E4 /* LogIn.storyboard in Resources */ = {isa = PBXBuildFile; fileRef = 4466894228AE2995002A55E4 /* LogIn.storyboard */; };
		4466894528AE3006002A55E4 /* AuthService.swift in Sources */ = {isa = PBXBuildFile; fileRef = 4466894428AE3006002A55E4 /* AuthService.swift */; };
		4466894728AE327B002A55E4 /* AuthFirebase.swift in Sources */ = {isa = PBXBuildFile; fileRef = 4466894628AE327B002A55E4 /* AuthFirebase.swift */; };
		4466894928AE6FDB002A55E4 /* MainTabBarController.swift in Sources */ = {isa = PBXBuildFile; fileRef = 4466894828AE6FDB002A55E4 /* MainTabBarController.swift */; };
		44A7DA21288FF54F00A81E44 /* GoogleService-Info.plist in Resources */ = {isa = PBXBuildFile; fileRef = 44A7DA20288FF54F00A81E44 /* GoogleService-Info.plist */; };
		44A7DA25288FFB3300A81E44 /* SearchViewController.swift in Sources */ = {isa = PBXBuildFile; fileRef = 44A7DA23288FFB3300A81E44 /* SearchViewController.swift */; };
		44A7DA282891136800A81E44 /* Alert.swift in Sources */ = {isa = PBXBuildFile; fileRef = 44A7DA272891136800A81E44 /* Alert.swift */; };
		44A7DA2C2891611B00A81E44 /* MyToolsViewController.swift in Sources */ = {isa = PBXBuildFile; fileRef = 44A7DA2B2891611B00A81E44 /* MyToolsViewController.swift */; };
		44A7DA2E2891612E00A81E44 /* ChatViewController.swift in Sources */ = {isa = PBXBuildFile; fileRef = 44A7DA2D2891612E00A81E44 /* ChatViewController.swift */; };
		44A7DA302891613D00A81E44 /* SettingsViewController.swift in Sources */ = {isa = PBXBuildFile; fileRef = 44A7DA2F2891613D00A81E44 /* SettingsViewController.swift */; };
		44A7DA372893CBB600A81E44 /* ToolsTableViewCell.swift in Sources */ = {isa = PBXBuildFile; fileRef = 44A7DA352893CBB600A81E44 /* ToolsTableViewCell.swift */; };
		44A7DA382893CBB600A81E44 /* ToolsTableViewCell.xib in Resources */ = {isa = PBXBuildFile; fileRef = 44A7DA362893CBB600A81E44 /* ToolsTableViewCell.xib */; };
		44A7DA3A2893D1BC00A81E44 /* ToolsData.swift in Sources */ = {isa = PBXBuildFile; fileRef = 44A7DA392893D1BC00A81E44 /* ToolsData.swift */; };
		44A7DA3D2893E2DF00A81E44 /* FirebaseFirestore in Frameworks */ = {isa = PBXBuildFile; productRef = 44A7DA3C2893E2DF00A81E44 /* FirebaseFirestore */; };
		44A7DA3F2893E2DF00A81E44 /* FirebaseFirestoreCombine-Community in Frameworks */ = {isa = PBXBuildFile; productRef = 44A7DA3E2893E2DF00A81E44 /* FirebaseFirestoreCombine-Community */; };
		44A7DA412893E2DF00A81E44 /* FirebaseFirestoreSwift in Frameworks */ = {isa = PBXBuildFile; productRef = 44A7DA402893E2DF00A81E44 /* FirebaseFirestoreSwift */; };
		44A7DA43289404CD00A81E44 /* AddToolViewController.swift in Sources */ = {isa = PBXBuildFile; fileRef = 44A7DA42289404CD00A81E44 /* AddToolViewController.swift */; };
		44B989B2288EBF140038B4F7 /* AppDelegate.swift in Sources */ = {isa = PBXBuildFile; fileRef = 44B989B1288EBF140038B4F7 /* AppDelegate.swift */; };
		44B989B4288EBF140038B4F7 /* SceneDelegate.swift in Sources */ = {isa = PBXBuildFile; fileRef = 44B989B3288EBF140038B4F7 /* SceneDelegate.swift */; };
		44B989B6288EBF140038B4F7 /* LogInViewController.swift in Sources */ = {isa = PBXBuildFile; fileRef = 44B989B5288EBF140038B4F7 /* LogInViewController.swift */; };
		44B989B9288EBF140038B4F7 /* Main.storyboard in Resources */ = {isa = PBXBuildFile; fileRef = 44B989B7288EBF140038B4F7 /* Main.storyboard */; };
		44B989BC288EBF140038B4F7 /* FindMyTool.xcdatamodeld in Sources */ = {isa = PBXBuildFile; fileRef = 44B989BA288EBF140038B4F7 /* FindMyTool.xcdatamodeld */; };
		44B989BE288EBF160038B4F7 /* Assets.xcassets in Resources */ = {isa = PBXBuildFile; fileRef = 44B989BD288EBF160038B4F7 /* Assets.xcassets */; };
		44B989C1288EBF160038B4F7 /* LaunchScreen.storyboard in Resources */ = {isa = PBXBuildFile; fileRef = 44B989BF288EBF160038B4F7 /* LaunchScreen.storyboard */; };
		44B989CC288EBF160038B4F7 /* FindMyToolTests.swift in Sources */ = {isa = PBXBuildFile; fileRef = 44B989CB288EBF160038B4F7 /* FindMyToolTests.swift */; };
		44B989D6288EBF160038B4F7 /* FindMyToolUITests.swift in Sources */ = {isa = PBXBuildFile; fileRef = 44B989D5288EBF160038B4F7 /* FindMyToolUITests.swift */; };
		44B989D8288EBF160038B4F7 /* FindMyToolUITestsLaunchTests.swift in Sources */ = {isa = PBXBuildFile; fileRef = 44B989D7288EBF160038B4F7 /* FindMyToolUITestsLaunchTests.swift */; };
		44B989EB288ECECB0038B4F7 /* FirebaseAnalytics in Frameworks */ = {isa = PBXBuildFile; productRef = 44B989EA288ECECB0038B4F7 /* FirebaseAnalytics */; };
		44B989ED288ECECB0038B4F7 /* FirebaseAuth in Frameworks */ = {isa = PBXBuildFile; productRef = 44B989EC288ECECB0038B4F7 /* FirebaseAuth */; };
		44B989EF288ECECB0038B4F7 /* FirebaseDatabase in Frameworks */ = {isa = PBXBuildFile; productRef = 44B989EE288ECECB0038B4F7 /* FirebaseDatabase */; };
		44E26239288FC7A4003425AC /* SubscribeViewController.swift in Sources */ = {isa = PBXBuildFile; fileRef = 44E26238288FC7A4003425AC /* SubscribeViewController.swift */; };
/* End PBXBuildFile section */

/* Begin PBXContainerItemProxy section */
		44B989C8288EBF160038B4F7 /* PBXContainerItemProxy */ = {
			isa = PBXContainerItemProxy;
			containerPortal = 44B989A6288EBF140038B4F7 /* Project object */;
			proxyType = 1;
			remoteGlobalIDString = 44B989AD288EBF140038B4F7;
			remoteInfo = FindMyTool;
		};
		44B989D2288EBF160038B4F7 /* PBXContainerItemProxy */ = {
			isa = PBXContainerItemProxy;
			containerPortal = 44B989A6288EBF140038B4F7 /* Project object */;
			proxyType = 1;
			remoteGlobalIDString = 44B989AD288EBF140038B4F7;
			remoteInfo = FindMyTool;
		};
/* End PBXContainerItemProxy section */

/* Begin PBXFileReference section */
		445D288D28C218D10028D5FF /* PostalCodeData.swift */ = {isa = PBXFileReference; lastKnownFileType = sourcecode.swift; path = PostalCodeData.swift; sourceTree = "<group>"; };
		445D289028C219650028D5FF /* PostalCodeService.swift */ = {isa = PBXFileReference; lastKnownFileType = sourcecode.swift; path = PostalCodeService.swift; sourceTree = "<group>"; };
		445D289228C21AB80028D5FF /* NetworkError.swift */ = {isa = PBXFileReference; lastKnownFileType = sourcecode.swift; path = NetworkError.swift; sourceTree = "<group>"; };
		445D289428C21B4B0028D5FF /* Generic.swift */ = {isa = PBXFileReference; lastKnownFileType = sourcecode.swift; path = Generic.swift; sourceTree = "<group>"; };
		4466894228AE2995002A55E4 /* LogIn.storyboard */ = {isa = PBXFileReference; lastKnownFileType = file.storyboard; path = LogIn.storyboard; sourceTree = "<group>"; };
		4466894428AE3006002A55E4 /* AuthService.swift */ = {isa = PBXFileReference; lastKnownFileType = sourcecode.swift; path = AuthService.swift; sourceTree = "<group>"; };
		4466894628AE327B002A55E4 /* AuthFirebase.swift */ = {isa = PBXFileReference; lastKnownFileType = sourcecode.swift; path = AuthFirebase.swift; sourceTree = "<group>"; };
		4466894828AE6FDB002A55E4 /* MainTabBarController.swift */ = {isa = PBXFileReference; lastKnownFileType = sourcecode.swift; path = MainTabBarController.swift; sourceTree = "<group>"; };
		44A7DA20288FF54F00A81E44 /* GoogleService-Info.plist */ = {isa = PBXFileReference; fileEncoding = 4; lastKnownFileType = text.plist.xml; path = "GoogleService-Info.plist"; sourceTree = "<group>"; };
		44A7DA23288FFB3300A81E44 /* SearchViewController.swift */ = {isa = PBXFileReference; lastKnownFileType = sourcecode.swift; path = SearchViewController.swift; sourceTree = "<group>"; };
		44A7DA272891136800A81E44 /* Alert.swift */ = {isa = PBXFileReference; lastKnownFileType = sourcecode.swift; path = Alert.swift; sourceTree = "<group>"; };
		44A7DA2B2891611B00A81E44 /* MyToolsViewController.swift */ = {isa = PBXFileReference; lastKnownFileType = sourcecode.swift; path = MyToolsViewController.swift; sourceTree = "<group>"; };
		44A7DA2D2891612E00A81E44 /* ChatViewController.swift */ = {isa = PBXFileReference; lastKnownFileType = sourcecode.swift; path = ChatViewController.swift; sourceTree = "<group>"; };
		44A7DA2F2891613D00A81E44 /* SettingsViewController.swift */ = {isa = PBXFileReference; lastKnownFileType = sourcecode.swift; path = SettingsViewController.swift; sourceTree = "<group>"; };
		44A7DA352893CBB600A81E44 /* ToolsTableViewCell.swift */ = {isa = PBXFileReference; lastKnownFileType = sourcecode.swift; path = ToolsTableViewCell.swift; sourceTree = "<group>"; };
		44A7DA362893CBB600A81E44 /* ToolsTableViewCell.xib */ = {isa = PBXFileReference; lastKnownFileType = file.xib; path = ToolsTableViewCell.xib; sourceTree = "<group>"; };
		44A7DA392893D1BC00A81E44 /* ToolsData.swift */ = {isa = PBXFileReference; lastKnownFileType = sourcecode.swift; path = ToolsData.swift; sourceTree = "<group>"; };
		44A7DA42289404CD00A81E44 /* AddToolViewController.swift */ = {isa = PBXFileReference; lastKnownFileType = sourcecode.swift; path = AddToolViewController.swift; sourceTree = "<group>"; };
		44B989AE288EBF140038B4F7 /* FindMyTool.app */ = {isa = PBXFileReference; explicitFileType = wrapper.application; includeInIndex = 0; path = FindMyTool.app; sourceTree = BUILT_PRODUCTS_DIR; };
		44B989B1288EBF140038B4F7 /* AppDelegate.swift */ = {isa = PBXFileReference; lastKnownFileType = sourcecode.swift; path = AppDelegate.swift; sourceTree = "<group>"; };
		44B989B3288EBF140038B4F7 /* SceneDelegate.swift */ = {isa = PBXFileReference; lastKnownFileType = sourcecode.swift; path = SceneDelegate.swift; sourceTree = "<group>"; };
		44B989B5288EBF140038B4F7 /* LogInViewController.swift */ = {isa = PBXFileReference; lastKnownFileType = sourcecode.swift; path = LogInViewController.swift; sourceTree = "<group>"; };
		44B989B8288EBF140038B4F7 /* Base */ = {isa = PBXFileReference; lastKnownFileType = file.storyboard; name = Base; path = Base.lproj/Main.storyboard; sourceTree = "<group>"; };
		44B989BB288EBF140038B4F7 /* FindMyTool.xcdatamodel */ = {isa = PBXFileReference; lastKnownFileType = wrapper.xcdatamodel; path = FindMyTool.xcdatamodel; sourceTree = "<group>"; };
		44B989BD288EBF160038B4F7 /* Assets.xcassets */ = {isa = PBXFileReference; lastKnownFileType = folder.assetcatalog; path = Assets.xcassets; sourceTree = "<group>"; };
		44B989C0288EBF160038B4F7 /* Base */ = {isa = PBXFileReference; lastKnownFileType = file.storyboard; name = Base; path = Base.lproj/LaunchScreen.storyboard; sourceTree = "<group>"; };
		44B989C2288EBF160038B4F7 /* Info.plist */ = {isa = PBXFileReference; lastKnownFileType = text.plist.xml; path = Info.plist; sourceTree = "<group>"; };
		44B989C7288EBF160038B4F7 /* FindMyToolTests.xctest */ = {isa = PBXFileReference; explicitFileType = wrapper.cfbundle; includeInIndex = 0; path = FindMyToolTests.xctest; sourceTree = BUILT_PRODUCTS_DIR; };
		44B989CB288EBF160038B4F7 /* FindMyToolTests.swift */ = {isa = PBXFileReference; lastKnownFileType = sourcecode.swift; path = FindMyToolTests.swift; sourceTree = "<group>"; };
		44B989D1288EBF160038B4F7 /* FindMyToolUITests.xctest */ = {isa = PBXFileReference; explicitFileType = wrapper.cfbundle; includeInIndex = 0; path = FindMyToolUITests.xctest; sourceTree = BUILT_PRODUCTS_DIR; };
		44B989D5288EBF160038B4F7 /* FindMyToolUITests.swift */ = {isa = PBXFileReference; lastKnownFileType = sourcecode.swift; path = FindMyToolUITests.swift; sourceTree = "<group>"; };
		44B989D7288EBF160038B4F7 /* FindMyToolUITestsLaunchTests.swift */ = {isa = PBXFileReference; lastKnownFileType = sourcecode.swift; path = FindMyToolUITestsLaunchTests.swift; sourceTree = "<group>"; };
		44E26238288FC7A4003425AC /* SubscribeViewController.swift */ = {isa = PBXFileReference; lastKnownFileType = sourcecode.swift; path = SubscribeViewController.swift; sourceTree = "<group>"; };
/* End PBXFileReference section */

/* Begin PBXFrameworksBuildPhase section */
		44B989AB288EBF140038B4F7 /* Frameworks */ = {
			isa = PBXFrameworksBuildPhase;
			buildActionMask = 2147483647;
			files = (
				44B989EF288ECECB0038B4F7 /* FirebaseDatabase in Frameworks */,
				44A7DA3D2893E2DF00A81E44 /* FirebaseFirestore in Frameworks */,
				44B989EB288ECECB0038B4F7 /* FirebaseAnalytics in Frameworks */,
				44A7DA3F2893E2DF00A81E44 /* FirebaseFirestoreCombine-Community in Frameworks */,
				44B989ED288ECECB0038B4F7 /* FirebaseAuth in Frameworks */,
				44A7DA412893E2DF00A81E44 /* FirebaseFirestoreSwift in Frameworks */,
			);
			runOnlyForDeploymentPostprocessing = 0;
		};
		44B989C4288EBF160038B4F7 /* Frameworks */ = {
			isa = PBXFrameworksBuildPhase;
			buildActionMask = 2147483647;
			files = (
			);
			runOnlyForDeploymentPostprocessing = 0;
		};
		44B989CE288EBF160038B4F7 /* Frameworks */ = {
			isa = PBXFrameworksBuildPhase;
			buildActionMask = 2147483647;
			files = (
			);
			runOnlyForDeploymentPostprocessing = 0;
		};
/* End PBXFrameworksBuildPhase section */

/* Begin PBXGroup section */
		445D289628C236870028D5FF /* Postal Code */ = {
			isa = PBXGroup;
			children = (
				445D288D28C218D10028D5FF /* PostalCodeData.swift */,
				445D289028C219650028D5FF /* PostalCodeService.swift */,
			);
			path = "Postal Code";
			sourceTree = "<group>";
		};
		445D289728C2369D0028D5FF /* Authentification */ = {
			isa = PBXGroup;
			children = (
				4466894628AE327B002A55E4 /* AuthFirebase.swift */,
				4466894428AE3006002A55E4 /* AuthService.swift */,
			);
			path = Authentification;
			sourceTree = "<group>";
		};
		44A7DA22288FF9AE00A81E44 /* Extensions */ = {
			isa = PBXGroup;
			children = (
				445D289428C21B4B0028D5FF /* Generic.swift */,
				44A7DA272891136800A81E44 /* Alert.swift */,
			);
			path = Extensions;
			sourceTree = "<group>";
		};
		44A7DA29289160EE00A81E44 /* HomeView */ = {
			isa = PBXGroup;
			children = (
				44B989B5288EBF140038B4F7 /* LogInViewController.swift */,
				44E26238288FC7A4003425AC /* SubscribeViewController.swift */,
			);
			path = HomeView;
			sourceTree = "<group>";
		};
		44A7DA2A289160F400A81E44 /* AppView */ = {
			isa = PBXGroup;
			children = (
				44A7DA42289404CD00A81E44 /* AddToolViewController.swift */,
				44A7DA2B2891611B00A81E44 /* MyToolsViewController.swift */,
				4466894828AE6FDB002A55E4 /* MainTabBarController.swift */,
				44A7DA23288FFB3300A81E44 /* SearchViewController.swift */,
				44A7DA2D2891612E00A81E44 /* ChatViewController.swift */,
				44A7DA2F2891613D00A81E44 /* SettingsViewController.swift */,
			);
			path = AppView;
			sourceTree = "<group>";
		};
		44A7DA342893CB5100A81E44 /* Cell */ = {
			isa = PBXGroup;
			children = (
				44A7DA352893CBB600A81E44 /* ToolsTableViewCell.swift */,
				44A7DA362893CBB600A81E44 /* ToolsTableViewCell.xib */,
			);
			path = Cell;
			sourceTree = "<group>";
		};
		44B989A5288EBF140038B4F7 = {
			isa = PBXGroup;
			children = (
				44B989B0288EBF140038B4F7 /* FindMyTool */,
				44B989CA288EBF160038B4F7 /* FindMyToolTests */,
				44B989D4288EBF160038B4F7 /* FindMyToolUITests */,
				44B989AF288EBF140038B4F7 /* Products */,
			);
			sourceTree = "<group>";
		};
		44B989AF288EBF140038B4F7 /* Products */ = {
			isa = PBXGroup;
			children = (
				44B989AE288EBF140038B4F7 /* FindMyTool.app */,
				44B989C7288EBF160038B4F7 /* FindMyToolTests.xctest */,
				44B989D1288EBF160038B4F7 /* FindMyToolUITests.xctest */,
			);
			name = Products;
			sourceTree = "<group>";
		};
		44B989B0288EBF140038B4F7 /* FindMyTool */ = {
			isa = PBXGroup;
			children = (
				44B989E4288EBF330038B4F7 /* Model */,
				44B989E5288EBF3D0038B4F7 /* View */,
				44B989E6288EBF420038B4F7 /* Controller */,
				44A7DA22288FF9AE00A81E44 /* Extensions */,
				44B989B1288EBF140038B4F7 /* AppDelegate.swift */,
				44B989B3288EBF140038B4F7 /* SceneDelegate.swift */,
				44B989BD288EBF160038B4F7 /* Assets.xcassets */,
				44B989C2288EBF160038B4F7 /* Info.plist */,
				44A7DA20288FF54F00A81E44 /* GoogleService-Info.plist */,
				44B989BA288EBF140038B4F7 /* FindMyTool.xcdatamodeld */,
			);
			path = FindMyTool;
			sourceTree = "<group>";
		};
		44B989CA288EBF160038B4F7 /* FindMyToolTests */ = {
			isa = PBXGroup;
			children = (
				44B989CB288EBF160038B4F7 /* FindMyToolTests.swift */,
			);
			path = FindMyToolTests;
			sourceTree = "<group>";
		};
		44B989D4288EBF160038B4F7 /* FindMyToolUITests */ = {
			isa = PBXGroup;
			children = (
				44B989D5288EBF160038B4F7 /* FindMyToolUITests.swift */,
				44B989D7288EBF160038B4F7 /* FindMyToolUITestsLaunchTests.swift */,
			);
			path = FindMyToolUITests;
			sourceTree = "<group>";
		};
		44B989E4288EBF330038B4F7 /* Model */ = {
			isa = PBXGroup;
			children = (
				445D289228C21AB80028D5FF /* NetworkError.swift */,
				44A7DA392893D1BC00A81E44 /* ToolsData.swift */,
				445D289628C236870028D5FF /* Postal Code */,
				445D289728C2369D0028D5FF /* Authentification */,
			);
			path = Model;
			sourceTree = "<group>";
		};
		44B989E5288EBF3D0038B4F7 /* View */ = {
			isa = PBXGroup;
			children = (
				44B989B7288EBF140038B4F7 /* Main.storyboard */,
				4466894228AE2995002A55E4 /* LogIn.storyboard */,
				44B989BF288EBF160038B4F7 /* LaunchScreen.storyboard */,
				44A7DA342893CB5100A81E44 /* Cell */,
			);
			path = View;
			sourceTree = "<group>";
		};
		44B989E6288EBF420038B4F7 /* Controller */ = {
			isa = PBXGroup;
			children = (
				44A7DA29289160EE00A81E44 /* HomeView */,
				44A7DA2A289160F400A81E44 /* AppView */,
			);
			path = Controller;
			sourceTree = "<group>";
		};
/* End PBXGroup section */

/* Begin PBXNativeTarget section */
		44B989AD288EBF140038B4F7 /* FindMyTool */ = {
			isa = PBXNativeTarget;
			buildConfigurationList = 44B989DB288EBF160038B4F7 /* Build configuration list for PBXNativeTarget "FindMyTool" */;
			buildPhases = (
				44B989AA288EBF140038B4F7 /* Sources */,
				44B989AB288EBF140038B4F7 /* Frameworks */,
				44B989AC288EBF140038B4F7 /* Resources */,
			);
			buildRules = (
			);
			dependencies = (
			);
			name = FindMyTool;
			packageProductDependencies = (
				44B989EA288ECECB0038B4F7 /* FirebaseAnalytics */,
				44B989EC288ECECB0038B4F7 /* FirebaseAuth */,
				44B989EE288ECECB0038B4F7 /* FirebaseDatabase */,
				44A7DA3C2893E2DF00A81E44 /* FirebaseFirestore */,
				44A7DA3E2893E2DF00A81E44 /* FirebaseFirestoreCombine-Community */,
				44A7DA402893E2DF00A81E44 /* FirebaseFirestoreSwift */,
			);
			productName = FindMyTool;
			productReference = 44B989AE288EBF140038B4F7 /* FindMyTool.app */;
			productType = "com.apple.product-type.application";
		};
		44B989C6288EBF160038B4F7 /* FindMyToolTests */ = {
			isa = PBXNativeTarget;
			buildConfigurationList = 44B989DE288EBF160038B4F7 /* Build configuration list for PBXNativeTarget "FindMyToolTests" */;
			buildPhases = (
				44B989C3288EBF160038B4F7 /* Sources */,
				44B989C4288EBF160038B4F7 /* Frameworks */,
				44B989C5288EBF160038B4F7 /* Resources */,
			);
			buildRules = (
			);
			dependencies = (
				44B989C9288EBF160038B4F7 /* PBXTargetDependency */,
			);
			name = FindMyToolTests;
			productName = FindMyToolTests;
			productReference = 44B989C7288EBF160038B4F7 /* FindMyToolTests.xctest */;
			productType = "com.apple.product-type.bundle.unit-test";
		};
		44B989D0288EBF160038B4F7 /* FindMyToolUITests */ = {
			isa = PBXNativeTarget;
			buildConfigurationList = 44B989E1288EBF160038B4F7 /* Build configuration list for PBXNativeTarget "FindMyToolUITests" */;
			buildPhases = (
				44B989CD288EBF160038B4F7 /* Sources */,
				44B989CE288EBF160038B4F7 /* Frameworks */,
				44B989CF288EBF160038B4F7 /* Resources */,
			);
			buildRules = (
			);
			dependencies = (
				44B989D3288EBF160038B4F7 /* PBXTargetDependency */,
			);
			name = FindMyToolUITests;
			productName = FindMyToolUITests;
			productReference = 44B989D1288EBF160038B4F7 /* FindMyToolUITests.xctest */;
			productType = "com.apple.product-type.bundle.ui-testing";
		};
/* End PBXNativeTarget section */

/* Begin PBXProject section */
		44B989A6288EBF140038B4F7 /* Project object */ = {
			isa = PBXProject;
			attributes = {
				BuildIndependentTargetsInParallel = 1;
				LastSwiftUpdateCheck = 1340;
				LastUpgradeCheck = 1340;
				TargetAttributes = {
					44B989AD288EBF140038B4F7 = {
						CreatedOnToolsVersion = 13.4.1;
					};
					44B989C6288EBF160038B4F7 = {
						CreatedOnToolsVersion = 13.4.1;
						TestTargetID = 44B989AD288EBF140038B4F7;
					};
					44B989D0288EBF160038B4F7 = {
						CreatedOnToolsVersion = 13.4.1;
						TestTargetID = 44B989AD288EBF140038B4F7;
					};
				};
			};
			buildConfigurationList = 44B989A9288EBF140038B4F7 /* Build configuration list for PBXProject "FindMyTool" */;
			compatibilityVersion = "Xcode 13.0";
			developmentRegion = en;
			hasScannedForEncodings = 0;
			knownRegions = (
				en,
				Base,
			);
			mainGroup = 44B989A5288EBF140038B4F7;
			packageReferences = (
				44B989E9288ECECB0038B4F7 /* XCRemoteSwiftPackageReference "firebase-ios-sdk" */,
				44A7DA3B2893E2DF00A81E44 /* XCRemoteSwiftPackageReference "firebase-ios-sdk" */,
			);
			productRefGroup = 44B989AF288EBF140038B4F7 /* Products */;
			projectDirPath = "";
			projectRoot = "";
			targets = (
				44B989AD288EBF140038B4F7 /* FindMyTool */,
				44B989C6288EBF160038B4F7 /* FindMyToolTests */,
				44B989D0288EBF160038B4F7 /* FindMyToolUITests */,
			);
		};
/* End PBXProject section */

/* Begin PBXResourcesBuildPhase section */
		44B989AC288EBF140038B4F7 /* Resources */ = {
			isa = PBXResourcesBuildPhase;
			buildActionMask = 2147483647;
			files = (
				44B989C1288EBF160038B4F7 /* LaunchScreen.storyboard in Resources */,
				44A7DA21288FF54F00A81E44 /* GoogleService-Info.plist in Resources */,
				44B989BE288EBF160038B4F7 /* Assets.xcassets in Resources */,
				44A7DA382893CBB600A81E44 /* ToolsTableViewCell.xib in Resources */,
				44B989B9288EBF140038B4F7 /* Main.storyboard in Resources */,
				4466894328AE2995002A55E4 /* LogIn.storyboard in Resources */,
			);
			runOnlyForDeploymentPostprocessing = 0;
		};
		44B989C5288EBF160038B4F7 /* Resources */ = {
			isa = PBXResourcesBuildPhase;
			buildActionMask = 2147483647;
			files = (
			);
			runOnlyForDeploymentPostprocessing = 0;
		};
		44B989CF288EBF160038B4F7 /* Resources */ = {
			isa = PBXResourcesBuildPhase;
			buildActionMask = 2147483647;
			files = (
			);
			runOnlyForDeploymentPostprocessing = 0;
		};
/* End PBXResourcesBuildPhase section */

/* Begin PBXSourcesBuildPhase section */
		44B989AA288EBF140038B4F7 /* Sources */ = {
			isa = PBXSourcesBuildPhase;
			buildActionMask = 2147483647;
			files = (
				44A7DA25288FFB3300A81E44 /* SearchViewController.swift in Sources */,
				44B989BC288EBF140038B4F7 /* FindMyTool.xcdatamodeld in Sources */,
				44B989B6288EBF140038B4F7 /* LogInViewController.swift in Sources */,
				44A7DA3A2893D1BC00A81E44 /* ToolsData.swift in Sources */,
				44A7DA302891613D00A81E44 /* SettingsViewController.swift in Sources */,
				445D289528C21B4B0028D5FF /* Generic.swift in Sources */,
				44B989B2288EBF140038B4F7 /* AppDelegate.swift in Sources */,
				44A7DA2C2891611B00A81E44 /* MyToolsViewController.swift in Sources */,
				44A7DA43289404CD00A81E44 /* AddToolViewController.swift in Sources */,
				445D289128C219650028D5FF /* PostalCodeService.swift in Sources */,
				44B989B4288EBF140038B4F7 /* SceneDelegate.swift in Sources */,
				44E26239288FC7A4003425AC /* SubscribeViewController.swift in Sources */,
				4466894928AE6FDB002A55E4 /* MainTabBarController.swift in Sources */,
				4466894728AE327B002A55E4 /* AuthFirebase.swift in Sources */,
				445D288E28C218D10028D5FF /* PostalCodeData.swift in Sources */,
				44A7DA2E2891612E00A81E44 /* ChatViewController.swift in Sources */,
				44A7DA372893CBB600A81E44 /* ToolsTableViewCell.swift in Sources */,
				44A7DA282891136800A81E44 /* Alert.swift in Sources */,
				4466894528AE3006002A55E4 /* AuthService.swift in Sources */,
				445D289328C21AB80028D5FF /* NetworkError.swift in Sources */,
			);
			runOnlyForDeploymentPostprocessing = 0;
		};
		44B989C3288EBF160038B4F7 /* Sources */ = {
			isa = PBXSourcesBuildPhase;
			buildActionMask = 2147483647;
			files = (
				44B989CC288EBF160038B4F7 /* FindMyToolTests.swift in Sources */,
			);
			runOnlyForDeploymentPostprocessing = 0;
		};
		44B989CD288EBF160038B4F7 /* Sources */ = {
			isa = PBXSourcesBuildPhase;
			buildActionMask = 2147483647;
			files = (
				44B989D6288EBF160038B4F7 /* FindMyToolUITests.swift in Sources */,
				44B989D8288EBF160038B4F7 /* FindMyToolUITestsLaunchTests.swift in Sources */,
			);
			runOnlyForDeploymentPostprocessing = 0;
		};
/* End PBXSourcesBuildPhase section */

/* Begin PBXTargetDependency section */
		44B989C9288EBF160038B4F7 /* PBXTargetDependency */ = {
			isa = PBXTargetDependency;
			target = 44B989AD288EBF140038B4F7 /* FindMyTool */;
			targetProxy = 44B989C8288EBF160038B4F7 /* PBXContainerItemProxy */;
		};
		44B989D3288EBF160038B4F7 /* PBXTargetDependency */ = {
			isa = PBXTargetDependency;
			target = 44B989AD288EBF140038B4F7 /* FindMyTool */;
			targetProxy = 44B989D2288EBF160038B4F7 /* PBXContainerItemProxy */;
		};
/* End PBXTargetDependency section */

/* Begin PBXVariantGroup section */
		44B989B7288EBF140038B4F7 /* Main.storyboard */ = {
			isa = PBXVariantGroup;
			children = (
				44B989B8288EBF140038B4F7 /* Base */,
			);
			name = Main.storyboard;
			sourceTree = "<group>";
		};
		44B989BF288EBF160038B4F7 /* LaunchScreen.storyboard */ = {
			isa = PBXVariantGroup;
			children = (
				44B989C0288EBF160038B4F7 /* Base */,
			);
			name = LaunchScreen.storyboard;
			sourceTree = "<group>";
		};
/* End PBXVariantGroup section */

/* Begin XCBuildConfiguration section */
		44B989D9288EBF160038B4F7 /* Debug */ = {
			isa = XCBuildConfiguration;
			buildSettings = {
				ALWAYS_SEARCH_USER_PATHS = NO;
				CLANG_ANALYZER_NONNULL = YES;
				CLANG_ANALYZER_NUMBER_OBJECT_CONVERSION = YES_AGGRESSIVE;
				CLANG_CXX_LANGUAGE_STANDARD = "gnu++17";
				CLANG_ENABLE_MODULES = YES;
				CLANG_ENABLE_OBJC_ARC = YES;
				CLANG_ENABLE_OBJC_WEAK = YES;
				CLANG_WARN_BLOCK_CAPTURE_AUTORELEASING = YES;
				CLANG_WARN_BOOL_CONVERSION = YES;
				CLANG_WARN_COMMA = YES;
				CLANG_WARN_CONSTANT_CONVERSION = YES;
				CLANG_WARN_DEPRECATED_OBJC_IMPLEMENTATIONS = YES;
				CLANG_WARN_DIRECT_OBJC_ISA_USAGE = YES_ERROR;
				CLANG_WARN_DOCUMENTATION_COMMENTS = YES;
				CLANG_WARN_EMPTY_BODY = YES;
				CLANG_WARN_ENUM_CONVERSION = YES;
				CLANG_WARN_INFINITE_RECURSION = YES;
				CLANG_WARN_INT_CONVERSION = YES;
				CLANG_WARN_NON_LITERAL_NULL_CONVERSION = YES;
				CLANG_WARN_OBJC_IMPLICIT_RETAIN_SELF = YES;
				CLANG_WARN_OBJC_LITERAL_CONVERSION = YES;
				CLANG_WARN_OBJC_ROOT_CLASS = YES_ERROR;
				CLANG_WARN_QUOTED_INCLUDE_IN_FRAMEWORK_HEADER = YES;
				CLANG_WARN_RANGE_LOOP_ANALYSIS = YES;
				CLANG_WARN_STRICT_PROTOTYPES = YES;
				CLANG_WARN_SUSPICIOUS_MOVE = YES;
				CLANG_WARN_UNGUARDED_AVAILABILITY = YES_AGGRESSIVE;
				CLANG_WARN_UNREACHABLE_CODE = YES;
				CLANG_WARN__DUPLICATE_METHOD_MATCH = YES;
				COPY_PHASE_STRIP = NO;
				DEBUG_INFORMATION_FORMAT = dwarf;
				ENABLE_STRICT_OBJC_MSGSEND = YES;
				ENABLE_TESTABILITY = YES;
				GCC_C_LANGUAGE_STANDARD = gnu11;
				GCC_DYNAMIC_NO_PIC = NO;
				GCC_NO_COMMON_BLOCKS = YES;
				GCC_OPTIMIZATION_LEVEL = 0;
				GCC_PREPROCESSOR_DEFINITIONS = (
					"DEBUG=1",
					"$(inherited)",
				);
				GCC_WARN_64_TO_32_BIT_CONVERSION = YES;
				GCC_WARN_ABOUT_RETURN_TYPE = YES_ERROR;
				GCC_WARN_UNDECLARED_SELECTOR = YES;
				GCC_WARN_UNINITIALIZED_AUTOS = YES_AGGRESSIVE;
				GCC_WARN_UNUSED_FUNCTION = YES;
				GCC_WARN_UNUSED_VARIABLE = YES;
				IPHONEOS_DEPLOYMENT_TARGET = 15.5;
				MTL_ENABLE_DEBUG_INFO = INCLUDE_SOURCE;
				MTL_FAST_MATH = YES;
				ONLY_ACTIVE_ARCH = YES;
				SDKROOT = iphoneos;
				SWIFT_ACTIVE_COMPILATION_CONDITIONS = DEBUG;
				SWIFT_OPTIMIZATION_LEVEL = "-Onone";
			};
			name = Debug;
		};
		44B989DA288EBF160038B4F7 /* Release */ = {
			isa = XCBuildConfiguration;
			buildSettings = {
				ALWAYS_SEARCH_USER_PATHS = NO;
				CLANG_ANALYZER_NONNULL = YES;
				CLANG_ANALYZER_NUMBER_OBJECT_CONVERSION = YES_AGGRESSIVE;
				CLANG_CXX_LANGUAGE_STANDARD = "gnu++17";
				CLANG_ENABLE_MODULES = YES;
				CLANG_ENABLE_OBJC_ARC = YES;
				CLANG_ENABLE_OBJC_WEAK = YES;
				CLANG_WARN_BLOCK_CAPTURE_AUTORELEASING = YES;
				CLANG_WARN_BOOL_CONVERSION = YES;
				CLANG_WARN_COMMA = YES;
				CLANG_WARN_CONSTANT_CONVERSION = YES;
				CLANG_WARN_DEPRECATED_OBJC_IMPLEMENTATIONS = YES;
				CLANG_WARN_DIRECT_OBJC_ISA_USAGE = YES_ERROR;
				CLANG_WARN_DOCUMENTATION_COMMENTS = YES;
				CLANG_WARN_EMPTY_BODY = YES;
				CLANG_WARN_ENUM_CONVERSION = YES;
				CLANG_WARN_INFINITE_RECURSION = YES;
				CLANG_WARN_INT_CONVERSION = YES;
				CLANG_WARN_NON_LITERAL_NULL_CONVERSION = YES;
				CLANG_WARN_OBJC_IMPLICIT_RETAIN_SELF = YES;
				CLANG_WARN_OBJC_LITERAL_CONVERSION = YES;
				CLANG_WARN_OBJC_ROOT_CLASS = YES_ERROR;
				CLANG_WARN_QUOTED_INCLUDE_IN_FRAMEWORK_HEADER = YES;
				CLANG_WARN_RANGE_LOOP_ANALYSIS = YES;
				CLANG_WARN_STRICT_PROTOTYPES = YES;
				CLANG_WARN_SUSPICIOUS_MOVE = YES;
				CLANG_WARN_UNGUARDED_AVAILABILITY = YES_AGGRESSIVE;
				CLANG_WARN_UNREACHABLE_CODE = YES;
				CLANG_WARN__DUPLICATE_METHOD_MATCH = YES;
				COPY_PHASE_STRIP = NO;
				DEBUG_INFORMATION_FORMAT = "dwarf-with-dsym";
				ENABLE_NS_ASSERTIONS = NO;
				ENABLE_STRICT_OBJC_MSGSEND = YES;
				GCC_C_LANGUAGE_STANDARD = gnu11;
				GCC_NO_COMMON_BLOCKS = YES;
				GCC_WARN_64_TO_32_BIT_CONVERSION = YES;
				GCC_WARN_ABOUT_RETURN_TYPE = YES_ERROR;
				GCC_WARN_UNDECLARED_SELECTOR = YES;
				GCC_WARN_UNINITIALIZED_AUTOS = YES_AGGRESSIVE;
				GCC_WARN_UNUSED_FUNCTION = YES;
				GCC_WARN_UNUSED_VARIABLE = YES;
				IPHONEOS_DEPLOYMENT_TARGET = 15.5;
				MTL_ENABLE_DEBUG_INFO = NO;
				MTL_FAST_MATH = YES;
				SDKROOT = iphoneos;
				SWIFT_COMPILATION_MODE = wholemodule;
				SWIFT_OPTIMIZATION_LEVEL = "-O";
				VALIDATE_PRODUCT = YES;
			};
			name = Release;
		};
		44B989DC288EBF160038B4F7 /* Debug */ = {
			isa = XCBuildConfiguration;
			buildSettings = {
				ASSETCATALOG_COMPILER_APPICON_NAME = AppIcon;
				ASSETCATALOG_COMPILER_GLOBAL_ACCENT_COLOR_NAME = AccentColor;
				CODE_SIGN_STYLE = Automatic;
				CURRENT_PROJECT_VERSION = 1;
				DEVELOPMENT_TEAM = K46AS943RY;
				GENERATE_INFOPLIST_FILE = YES;
				INFOPLIST_FILE = FindMyTool/Info.plist;
				INFOPLIST_KEY_UIApplicationSupportsIndirectInputEvents = YES;
				INFOPLIST_KEY_UILaunchStoryboardName = LaunchScreen;
				INFOPLIST_KEY_UIMainStoryboardFile = Main;
				INFOPLIST_KEY_UISupportedInterfaceOrientations_iPad = "UIInterfaceOrientationPortrait UIInterfaceOrientationPortraitUpsideDown UIInterfaceOrientationLandscapeLeft UIInterfaceOrientationLandscapeRight";
				INFOPLIST_KEY_UISupportedInterfaceOrientations_iPhone = "UIInterfaceOrientationPortrait UIInterfaceOrientationLandscapeLeft UIInterfaceOrientationLandscapeRight";
				LD_RUNPATH_SEARCH_PATHS = (
					"$(inherited)",
					"@executable_path/Frameworks",
				);
				MARKETING_VERSION = 1.0;
				PRODUCT_BUNDLE_IDENTIFIER = com.ocr.FindMyTool;
				PRODUCT_NAME = "$(TARGET_NAME)";
				SWIFT_EMIT_LOC_STRINGS = YES;
				SWIFT_VERSION = 5.0;
				TARGETED_DEVICE_FAMILY = "1,2";
			};
			name = Debug;
		};
		44B989DD288EBF160038B4F7 /* Release */ = {
			isa = XCBuildConfiguration;
			buildSettings = {
				ASSETCATALOG_COMPILER_APPICON_NAME = AppIcon;
				ASSETCATALOG_COMPILER_GLOBAL_ACCENT_COLOR_NAME = AccentColor;
				CODE_SIGN_STYLE = Automatic;
				CURRENT_PROJECT_VERSION = 1;
				DEVELOPMENT_TEAM = K46AS943RY;
				GENERATE_INFOPLIST_FILE = YES;
				INFOPLIST_FILE = FindMyTool/Info.plist;
				INFOPLIST_KEY_UIApplicationSupportsIndirectInputEvents = YES;
				INFOPLIST_KEY_UILaunchStoryboardName = LaunchScreen;
				INFOPLIST_KEY_UIMainStoryboardFile = Main;
				INFOPLIST_KEY_UISupportedInterfaceOrientations_iPad = "UIInterfaceOrientationPortrait UIInterfaceOrientationPortraitUpsideDown UIInterfaceOrientationLandscapeLeft UIInterfaceOrientationLandscapeRight";
				INFOPLIST_KEY_UISupportedInterfaceOrientations_iPhone = "UIInterfaceOrientationPortrait UIInterfaceOrientationLandscapeLeft UIInterfaceOrientationLandscapeRight";
				LD_RUNPATH_SEARCH_PATHS = (
					"$(inherited)",
					"@executable_path/Frameworks",
				);
				MARKETING_VERSION = 1.0;
				PRODUCT_BUNDLE_IDENTIFIER = com.ocr.FindMyTool;
				PRODUCT_NAME = "$(TARGET_NAME)";
				SWIFT_EMIT_LOC_STRINGS = YES;
				SWIFT_VERSION = 5.0;
				TARGETED_DEVICE_FAMILY = "1,2";
			};
			name = Release;
		};
		44B989DF288EBF160038B4F7 /* Debug */ = {
			isa = XCBuildConfiguration;
			buildSettings = {
				ALWAYS_EMBED_SWIFT_STANDARD_LIBRARIES = YES;
				BUNDLE_LOADER = "$(TEST_HOST)";
				CODE_SIGN_STYLE = Automatic;
				CURRENT_PROJECT_VERSION = 1;
				DEVELOPMENT_TEAM = K46AS943RY;
				GENERATE_INFOPLIST_FILE = YES;
				IPHONEOS_DEPLOYMENT_TARGET = 15.5;
				MARKETING_VERSION = 1.0;
				PRODUCT_BUNDLE_IDENTIFIER = com.ocr.FindMyToolTests;
				PRODUCT_NAME = "$(TARGET_NAME)";
				SWIFT_EMIT_LOC_STRINGS = NO;
				SWIFT_VERSION = 5.0;
				TARGETED_DEVICE_FAMILY = "1,2";
				TEST_HOST = "$(BUILT_PRODUCTS_DIR)/FindMyTool.app/FindMyTool";
			};
			name = Debug;
		};
		44B989E0288EBF160038B4F7 /* Release */ = {
			isa = XCBuildConfiguration;
			buildSettings = {
				ALWAYS_EMBED_SWIFT_STANDARD_LIBRARIES = YES;
				BUNDLE_LOADER = "$(TEST_HOST)";
				CODE_SIGN_STYLE = Automatic;
				CURRENT_PROJECT_VERSION = 1;
				DEVELOPMENT_TEAM = K46AS943RY;
				GENERATE_INFOPLIST_FILE = YES;
				IPHONEOS_DEPLOYMENT_TARGET = 15.5;
				MARKETING_VERSION = 1.0;
				PRODUCT_BUNDLE_IDENTIFIER = com.ocr.FindMyToolTests;
				PRODUCT_NAME = "$(TARGET_NAME)";
				SWIFT_EMIT_LOC_STRINGS = NO;
				SWIFT_VERSION = 5.0;
				TARGETED_DEVICE_FAMILY = "1,2";
				TEST_HOST = "$(BUILT_PRODUCTS_DIR)/FindMyTool.app/FindMyTool";
			};
			name = Release;
		};
		44B989E2288EBF160038B4F7 /* Debug */ = {
			isa = XCBuildConfiguration;
			buildSettings = {
				ALWAYS_EMBED_SWIFT_STANDARD_LIBRARIES = YES;
				CODE_SIGN_STYLE = Automatic;
				CURRENT_PROJECT_VERSION = 1;
				DEVELOPMENT_TEAM = K46AS943RY;
				GENERATE_INFOPLIST_FILE = YES;
				MARKETING_VERSION = 1.0;
				PRODUCT_BUNDLE_IDENTIFIER = com.ocr.FindMyToolUITests;
				PRODUCT_NAME = "$(TARGET_NAME)";
				SWIFT_EMIT_LOC_STRINGS = NO;
				SWIFT_VERSION = 5.0;
				TARGETED_DEVICE_FAMILY = "1,2";
				TEST_TARGET_NAME = FindMyTool;
			};
			name = Debug;
		};
		44B989E3288EBF160038B4F7 /* Release */ = {
			isa = XCBuildConfiguration;
			buildSettings = {
				ALWAYS_EMBED_SWIFT_STANDARD_LIBRARIES = YES;
				CODE_SIGN_STYLE = Automatic;
				CURRENT_PROJECT_VERSION = 1;
				DEVELOPMENT_TEAM = K46AS943RY;
				GENERATE_INFOPLIST_FILE = YES;
				MARKETING_VERSION = 1.0;
				PRODUCT_BUNDLE_IDENTIFIER = com.ocr.FindMyToolUITests;
				PRODUCT_NAME = "$(TARGET_NAME)";
				SWIFT_EMIT_LOC_STRINGS = NO;
				SWIFT_VERSION = 5.0;
				TARGETED_DEVICE_FAMILY = "1,2";
				TEST_TARGET_NAME = FindMyTool;
			};
			name = Release;
		};
/* End XCBuildConfiguration section */

/* Begin XCConfigurationList section */
		44B989A9288EBF140038B4F7 /* Build configuration list for PBXProject "FindMyTool" */ = {
			isa = XCConfigurationList;
			buildConfigurations = (
				44B989D9288EBF160038B4F7 /* Debug */,
				44B989DA288EBF160038B4F7 /* Release */,
			);
			defaultConfigurationIsVisible = 0;
			defaultConfigurationName = Release;
		};
		44B989DB288EBF160038B4F7 /* Build configuration list for PBXNativeTarget "FindMyTool" */ = {
			isa = XCConfigurationList;
			buildConfigurations = (
				44B989DC288EBF160038B4F7 /* Debug */,
				44B989DD288EBF160038B4F7 /* Release */,
			);
			defaultConfigurationIsVisible = 0;
			defaultConfigurationName = Release;
		};
		44B989DE288EBF160038B4F7 /* Build configuration list for PBXNativeTarget "FindMyToolTests" */ = {
			isa = XCConfigurationList;
			buildConfigurations = (
				44B989DF288EBF160038B4F7 /* Debug */,
				44B989E0288EBF160038B4F7 /* Release */,
			);
			defaultConfigurationIsVisible = 0;
			defaultConfigurationName = Release;
		};
		44B989E1288EBF160038B4F7 /* Build configuration list for PBXNativeTarget "FindMyToolUITests" */ = {
			isa = XCConfigurationList;
			buildConfigurations = (
				44B989E2288EBF160038B4F7 /* Debug */,
				44B989E3288EBF160038B4F7 /* Release */,
			);
			defaultConfigurationIsVisible = 0;
			defaultConfigurationName = Release;
		};
/* End XCConfigurationList section */

/* Begin XCRemoteSwiftPackageReference section */
		44A7DA3B2893E2DF00A81E44 /* XCRemoteSwiftPackageReference "firebase-ios-sdk" */ = {
			isa = XCRemoteSwiftPackageReference;
			repositoryURL = "https://github.com/firebase/firebase-ios-sdk";
			requirement = {
				branch = master;
				kind = branch;
			};
		};
		44B989E9288ECECB0038B4F7 /* XCRemoteSwiftPackageReference "firebase-ios-sdk" */ = {
			isa = XCRemoteSwiftPackageReference;
			repositoryURL = "https://github.com/firebase/firebase-ios-sdk";
			requirement = {
				branch = master;
				kind = branch;
			};
		};
/* End XCRemoteSwiftPackageReference section */

/* Begin XCSwiftPackageProductDependency section */
		44A7DA3C2893E2DF00A81E44 /* FirebaseFirestore */ = {
			isa = XCSwiftPackageProductDependency;
			package = 44B989E9288ECECB0038B4F7 /* XCRemoteSwiftPackageReference "firebase-ios-sdk" */;
			productName = FirebaseFirestore;
		};
		44A7DA3E2893E2DF00A81E44 /* FirebaseFirestoreCombine-Community */ = {
			isa = XCSwiftPackageProductDependency;
			package = 44B989E9288ECECB0038B4F7 /* XCRemoteSwiftPackageReference "firebase-ios-sdk" */;
			productName = "FirebaseFirestoreCombine-Community";
		};
		44A7DA402893E2DF00A81E44 /* FirebaseFirestoreSwift */ = {
			isa = XCSwiftPackageProductDependency;
			package = 44B989E9288ECECB0038B4F7 /* XCRemoteSwiftPackageReference "firebase-ios-sdk" */;
			productName = FirebaseFirestoreSwift;
		};
		44B989EA288ECECB0038B4F7 /* FirebaseAnalytics */ = {
			isa = XCSwiftPackageProductDependency;
			package = 44B989E9288ECECB0038B4F7 /* XCRemoteSwiftPackageReference "firebase-ios-sdk" */;
			productName = FirebaseAnalytics;
		};
		44B989EC288ECECB0038B4F7 /* FirebaseAuth */ = {
			isa = XCSwiftPackageProductDependency;
			package = 44B989E9288ECECB0038B4F7 /* XCRemoteSwiftPackageReference "firebase-ios-sdk" */;
			productName = FirebaseAuth;
		};
		44B989EE288ECECB0038B4F7 /* FirebaseDatabase */ = {
			isa = XCSwiftPackageProductDependency;
			package = 44B989E9288ECECB0038B4F7 /* XCRemoteSwiftPackageReference "firebase-ios-sdk" */;
			productName = FirebaseDatabase;
		};
/* End XCSwiftPackageProductDependency section */

/* Begin XCVersionGroup section */
		44B989BA288EBF140038B4F7 /* FindMyTool.xcdatamodeld */ = {
			isa = XCVersionGroup;
			children = (
				44B989BB288EBF140038B4F7 /* FindMyTool.xcdatamodel */,
			);
			currentVersion = 44B989BB288EBF140038B4F7 /* FindMyTool.xcdatamodel */;
			path = FindMyTool.xcdatamodeld;
			sourceTree = "<group>";
			versionGroupType = wrapper.xcdatamodel;
		};
/* End XCVersionGroup section */
	};
	rootObject = 44B989A6288EBF140038B4F7 /* Project object */;
}
