// !$*UTF8*$!
{
	archiveVersion = 1;
	classes = {
	};
	objectVersion = 56;
	objects = {

/* Begin PBXBuildFile section */
		442FF5AD290C178D00FECB59 /* DatabaseServiceTests.swift in Sources */ = {isa = PBXBuildFile; fileRef = 442FF5AC290C178D00FECB59 /* DatabaseServiceTests.swift */; };
		44575D8329150607009B2753 /* FakeDatabaseSession.swift in Sources */ = {isa = PBXBuildFile; fileRef = 44575D8229150607009B2753 /* FakeDatabaseSession.swift */; };
		44575D852915109B009B2753 /* FirebaseSession.swift in Sources */ = {isa = PBXBuildFile; fileRef = 44575D842915109B009B2753 /* FirebaseSession.swift */; };
		44575D8929151FE7009B2753 /* FindMyTool.xcdatamodeld in Sources */ = {isa = PBXBuildFile; fileRef = 44575D8729151FE7009B2753 /* FindMyTool.xcdatamodeld */; };
		44575D8B291520E8009B2753 /* CoreDataService.swift in Sources */ = {isa = PBXBuildFile; fileRef = 44575D8A291520E8009B2753 /* CoreDataService.swift */; };
		44575D8D291520F3009B2753 /* CoreDataStack.swift in Sources */ = {isa = PBXBuildFile; fileRef = 44575D8C291520F3009B2753 /* CoreDataStack.swift */; };
		44575D9129152DBE009B2753 /* GoogleService-Info.plist in Resources */ = {isa = PBXBuildFile; fileRef = 44A7DA20288FF54F00A81E44 /* GoogleService-Info.plist */; };
		445D288E28C218D10028D5FF /* PostalCodeData.swift in Sources */ = {isa = PBXBuildFile; fileRef = 445D288D28C218D10028D5FF /* PostalCodeData.swift */; };
		445D289128C219650028D5FF /* PostalCodeService.swift in Sources */ = {isa = PBXBuildFile; fileRef = 445D289028C219650028D5FF /* PostalCodeService.swift */; };
		445D289328C21AB80028D5FF /* NetworkError.swift in Sources */ = {isa = PBXBuildFile; fileRef = 445D289228C21AB80028D5FF /* NetworkError.swift */; };
		445D289528C21B4B0028D5FF /* Generic.swift in Sources */ = {isa = PBXBuildFile; fileRef = 445D289428C21B4B0028D5FF /* Generic.swift */; };
		4466894328AE2995002A55E4 /* LogIn.storyboard in Resources */ = {isa = PBXBuildFile; fileRef = 4466894228AE2995002A55E4 /* LogIn.storyboard */; };
		4466894528AE3006002A55E4 /* AuthService.swift in Sources */ = {isa = PBXBuildFile; fileRef = 4466894428AE3006002A55E4 /* AuthService.swift */; };
		4466894728AE327B002A55E4 /* DatabaseService.swift in Sources */ = {isa = PBXBuildFile; fileRef = 4466894628AE327B002A55E4 /* DatabaseService.swift */; };
		4466894928AE6FDB002A55E4 /* MainTabBarController.swift in Sources */ = {isa = PBXBuildFile; fileRef = 4466894828AE6FDB002A55E4 /* MainTabBarController.swift */; };
		44822E472901484F00AADB64 /* View+cornerRadius.swift in Sources */ = {isa = PBXBuildFile; fileRef = 44822E462901484F00AADB64 /* View+cornerRadius.swift */; };
		44822E492902904A00AADB64 /* ContactViewController.swift in Sources */ = {isa = PBXBuildFile; fileRef = 44822E482902904A00AADB64 /* ContactViewController.swift */; };
		448DFA3F291537D700E68911 /* FirebaseAnalytics in Frameworks */ = {isa = PBXBuildFile; productRef = 448DFA3E291537D700E68911 /* FirebaseAnalytics */; };
		448DFA41291537D700E68911 /* FirebaseAnalyticsOnDeviceConversion in Frameworks */ = {isa = PBXBuildFile; productRef = 448DFA40291537D700E68911 /* FirebaseAnalyticsOnDeviceConversion */; };
		448DFA43291537D700E68911 /* FirebaseAnalyticsSwift in Frameworks */ = {isa = PBXBuildFile; productRef = 448DFA42291537D700E68911 /* FirebaseAnalyticsSwift */; };
		448DFA45291537D700E68911 /* FirebaseAnalyticsWithoutAdIdSupport in Frameworks */ = {isa = PBXBuildFile; productRef = 448DFA44291537D700E68911 /* FirebaseAnalyticsWithoutAdIdSupport */; };
		448DFA47291537D700E68911 /* FirebaseAppCheck in Frameworks */ = {isa = PBXBuildFile; productRef = 448DFA46291537D700E68911 /* FirebaseAppCheck */; };
		448DFA49291537D700E68911 /* FirebaseAppDistribution-Beta in Frameworks */ = {isa = PBXBuildFile; productRef = 448DFA48291537D700E68911 /* FirebaseAppDistribution-Beta */; };
		448DFA4B291537D700E68911 /* FirebaseAuth in Frameworks */ = {isa = PBXBuildFile; productRef = 448DFA4A291537D700E68911 /* FirebaseAuth */; };
		448DFA4D291537D700E68911 /* FirebaseAuthCombine-Community in Frameworks */ = {isa = PBXBuildFile; productRef = 448DFA4C291537D700E68911 /* FirebaseAuthCombine-Community */; };
		448DFA4F291537D700E68911 /* FirebaseCrashlytics in Frameworks */ = {isa = PBXBuildFile; productRef = 448DFA4E291537D700E68911 /* FirebaseCrashlytics */; };
		448DFA51291537D700E68911 /* FirebaseDatabase in Frameworks */ = {isa = PBXBuildFile; productRef = 448DFA50291537D700E68911 /* FirebaseDatabase */; };
		448DFA53291537D700E68911 /* FirebaseDatabaseSwift in Frameworks */ = {isa = PBXBuildFile; productRef = 448DFA52291537D700E68911 /* FirebaseDatabaseSwift */; };
		448DFA55291537D700E68911 /* FirebaseDynamicLinks in Frameworks */ = {isa = PBXBuildFile; productRef = 448DFA54291537D700E68911 /* FirebaseDynamicLinks */; };
		448DFA57291537D700E68911 /* FirebaseFirestore in Frameworks */ = {isa = PBXBuildFile; productRef = 448DFA56291537D700E68911 /* FirebaseFirestore */; };
		448DFA59291537D700E68911 /* FirebaseFirestoreCombine-Community in Frameworks */ = {isa = PBXBuildFile; productRef = 448DFA58291537D700E68911 /* FirebaseFirestoreCombine-Community */; };
		448DFA5B291537D700E68911 /* FirebaseFirestoreSwift in Frameworks */ = {isa = PBXBuildFile; productRef = 448DFA5A291537D700E68911 /* FirebaseFirestoreSwift */; };
		448DFA5D291537D700E68911 /* FirebaseFunctions in Frameworks */ = {isa = PBXBuildFile; productRef = 448DFA5C291537D700E68911 /* FirebaseFunctions */; };
		448DFA5F291537D700E68911 /* FirebaseFunctionsCombine-Community in Frameworks */ = {isa = PBXBuildFile; productRef = 448DFA5E291537D700E68911 /* FirebaseFunctionsCombine-Community */; };
		448DFA61291537D700E68911 /* FirebaseInAppMessaging-Beta in Frameworks */ = {isa = PBXBuildFile; productRef = 448DFA60291537D700E68911 /* FirebaseInAppMessaging-Beta */; };
		448DFA63291537D700E68911 /* FirebaseInAppMessagingSwift-Beta in Frameworks */ = {isa = PBXBuildFile; productRef = 448DFA62291537D700E68911 /* FirebaseInAppMessagingSwift-Beta */; };
		448DFA65291537D700E68911 /* FirebaseInstallations in Frameworks */ = {isa = PBXBuildFile; productRef = 448DFA64291537D700E68911 /* FirebaseInstallations */; };
		448DFA67291537D700E68911 /* FirebaseMLModelDownloader in Frameworks */ = {isa = PBXBuildFile; productRef = 448DFA66291537D700E68911 /* FirebaseMLModelDownloader */; };
		448DFA69291537D700E68911 /* FirebaseMessaging in Frameworks */ = {isa = PBXBuildFile; productRef = 448DFA68291537D700E68911 /* FirebaseMessaging */; };
		448DFA6B291537D700E68911 /* FirebasePerformance in Frameworks */ = {isa = PBXBuildFile; productRef = 448DFA6A291537D700E68911 /* FirebasePerformance */; };
		448DFA6D291537D700E68911 /* FirebaseRemoteConfig in Frameworks */ = {isa = PBXBuildFile; productRef = 448DFA6C291537D700E68911 /* FirebaseRemoteConfig */; };
		448DFA6F291537D700E68911 /* FirebaseRemoteConfigSwift in Frameworks */ = {isa = PBXBuildFile; productRef = 448DFA6E291537D700E68911 /* FirebaseRemoteConfigSwift */; };
		448DFA71291537D700E68911 /* FirebaseStorage in Frameworks */ = {isa = PBXBuildFile; productRef = 448DFA70291537D700E68911 /* FirebaseStorage */; };
		448DFA73291537D700E68911 /* FirebaseStorageCombine-Community in Frameworks */ = {isa = PBXBuildFile; productRef = 448DFA72291537D700E68911 /* FirebaseStorageCombine-Community */; };
		448DFA77291545F000E68911 /* FavoriteViewController.swift in Sources */ = {isa = PBXBuildFile; fileRef = 448DFA76291545F000E68911 /* FavoriteViewController.swift */; };
		449A3F1D28F6900B00B65EB8 /* UIImage.swift in Sources */ = {isa = PBXBuildFile; fileRef = 449A3F1C28F6900B00B65EB8 /* UIImage.swift */; };
		449A9A8028CF2D6C0000C008 /* ResultViewController.swift in Sources */ = {isa = PBXBuildFile; fileRef = 449A9A7F28CF2D6C0000C008 /* ResultViewController.swift */; };
		449D68D128D4C29B00A2DD32 /* Tool.swift in Sources */ = {isa = PBXBuildFile; fileRef = 449D68D028D4C29B00A2DD32 /* Tool.swift */; };
		449D68D328D86C8A00A2DD32 /* ResultTownViewController.swift in Sources */ = {isa = PBXBuildFile; fileRef = 449D68D228D86C8A00A2DD32 /* ResultTownViewController.swift */; };
		44A7DA25288FFB3300A81E44 /* SearchViewController.swift in Sources */ = {isa = PBXBuildFile; fileRef = 44A7DA23288FFB3300A81E44 /* SearchViewController.swift */; };
		44A7DA282891136800A81E44 /* Alert.swift in Sources */ = {isa = PBXBuildFile; fileRef = 44A7DA272891136800A81E44 /* Alert.swift */; };
		44A7DA2C2891611B00A81E44 /* MyToolsViewController.swift in Sources */ = {isa = PBXBuildFile; fileRef = 44A7DA2B2891611B00A81E44 /* MyToolsViewController.swift */; };
		44A7DA302891613D00A81E44 /* SettingsViewController.swift in Sources */ = {isa = PBXBuildFile; fileRef = 44A7DA2F2891613D00A81E44 /* SettingsViewController.swift */; };
		44A7DA372893CBB600A81E44 /* ToolsTableViewCell.swift in Sources */ = {isa = PBXBuildFile; fileRef = 44A7DA352893CBB600A81E44 /* ToolsTableViewCell.swift */; };
		44A7DA382893CBB600A81E44 /* ToolsTableViewCell.xib in Resources */ = {isa = PBXBuildFile; fileRef = 44A7DA362893CBB600A81E44 /* ToolsTableViewCell.xib */; };
		44A7DA3A2893D1BC00A81E44 /* ToolData.swift in Sources */ = {isa = PBXBuildFile; fileRef = 44A7DA392893D1BC00A81E44 /* ToolData.swift */; };
		44A7DA43289404CD00A81E44 /* AddToolViewController.swift in Sources */ = {isa = PBXBuildFile; fileRef = 44A7DA42289404CD00A81E44 /* AddToolViewController.swift */; };
		44B596E928FD3F4B0066DB29 /* MessageKit in Frameworks */ = {isa = PBXBuildFile; productRef = 44B596E828FD3F4B0066DB29 /* MessageKit */; };
		44B989B2288EBF140038B4F7 /* AppDelegate.swift in Sources */ = {isa = PBXBuildFile; fileRef = 44B989B1288EBF140038B4F7 /* AppDelegate.swift */; };
		44B989B4288EBF140038B4F7 /* SceneDelegate.swift in Sources */ = {isa = PBXBuildFile; fileRef = 44B989B3288EBF140038B4F7 /* SceneDelegate.swift */; };
		44B989B6288EBF140038B4F7 /* LogInViewController.swift in Sources */ = {isa = PBXBuildFile; fileRef = 44B989B5288EBF140038B4F7 /* LogInViewController.swift */; };
		44B989B9288EBF140038B4F7 /* Main.storyboard in Resources */ = {isa = PBXBuildFile; fileRef = 44B989B7288EBF140038B4F7 /* Main.storyboard */; };
		44B989BE288EBF160038B4F7 /* Assets.xcassets in Resources */ = {isa = PBXBuildFile; fileRef = 44B989BD288EBF160038B4F7 /* Assets.xcassets */; };
		44B989C1288EBF160038B4F7 /* LaunchScreen.storyboard in Resources */ = {isa = PBXBuildFile; fileRef = 44B989BF288EBF160038B4F7 /* LaunchScreen.storyboard */; };
		44B989CC288EBF160038B4F7 /* URLProtocolFake.swift in Sources */ = {isa = PBXBuildFile; fileRef = 44B989CB288EBF160038B4F7 /* URLProtocolFake.swift */; };
		44E26239288FC7A4003425AC /* SubscribeViewController.swift in Sources */ = {isa = PBXBuildFile; fileRef = 44E26238288FC7A4003425AC /* SubscribeViewController.swift */; };
		44EDC72F28EC6130005893E4 /* PostalCodeTestCase.swift in Sources */ = {isa = PBXBuildFile; fileRef = 44EDC72E28EC6130005893E4 /* PostalCodeTestCase.swift */; };
		44EDC73128EC6151005893E4 /* FakeResponseDataCP.swift in Sources */ = {isa = PBXBuildFile; fileRef = 44EDC73028EC6151005893E4 /* FakeResponseDataCP.swift */; };
		44EDC73328EC6163005893E4 /* PostalCode.json in Resources */ = {isa = PBXBuildFile; fileRef = 44EDC73228EC6163005893E4 /* PostalCode.json */; };
		44EDC73728EC6243005893E4 /* DetailsViewController.swift in Sources */ = {isa = PBXBuildFile; fileRef = 44EDC73628EC6243005893E4 /* DetailsViewController.swift */; };
/* End PBXBuildFile section */

/* Begin PBXContainerItemProxy section */
		44B989C8288EBF160038B4F7 /* PBXContainerItemProxy */ = {
			isa = PBXContainerItemProxy;
			containerPortal = 44B989A6288EBF140038B4F7 /* Project object */;
			proxyType = 1;
			remoteGlobalIDString = 44B989AD288EBF140038B4F7;
			remoteInfo = FindMyTool;
		};
/* End PBXContainerItemProxy section */

/* Begin PBXFileReference section */
		442FF5AC290C178D00FECB59 /* DatabaseServiceTests.swift */ = {isa = PBXFileReference; lastKnownFileType = sourcecode.swift; path = DatabaseServiceTests.swift; sourceTree = "<group>"; };
		44575D8229150607009B2753 /* FakeDatabaseSession.swift */ = {isa = PBXFileReference; lastKnownFileType = sourcecode.swift; path = FakeDatabaseSession.swift; sourceTree = "<group>"; };
		44575D842915109B009B2753 /* FirebaseSession.swift */ = {isa = PBXFileReference; lastKnownFileType = sourcecode.swift; path = FirebaseSession.swift; sourceTree = "<group>"; };
		44575D8829151FE7009B2753 /* FindMyTool.xcdatamodel */ = {isa = PBXFileReference; lastKnownFileType = wrapper.xcdatamodel; path = FindMyTool.xcdatamodel; sourceTree = "<group>"; };
		44575D8A291520E8009B2753 /* CoreDataService.swift */ = {isa = PBXFileReference; lastKnownFileType = sourcecode.swift; path = CoreDataService.swift; sourceTree = "<group>"; };
		44575D8C291520F3009B2753 /* CoreDataStack.swift */ = {isa = PBXFileReference; lastKnownFileType = sourcecode.swift; path = CoreDataStack.swift; sourceTree = "<group>"; };
		445D288D28C218D10028D5FF /* PostalCodeData.swift */ = {isa = PBXFileReference; lastKnownFileType = sourcecode.swift; path = PostalCodeData.swift; sourceTree = "<group>"; };
		445D289028C219650028D5FF /* PostalCodeService.swift */ = {isa = PBXFileReference; lastKnownFileType = sourcecode.swift; path = PostalCodeService.swift; sourceTree = "<group>"; };
		445D289228C21AB80028D5FF /* NetworkError.swift */ = {isa = PBXFileReference; lastKnownFileType = sourcecode.swift; path = NetworkError.swift; sourceTree = "<group>"; };
		445D289428C21B4B0028D5FF /* Generic.swift */ = {isa = PBXFileReference; lastKnownFileType = sourcecode.swift; path = Generic.swift; sourceTree = "<group>"; };
		4466894228AE2995002A55E4 /* LogIn.storyboard */ = {isa = PBXFileReference; lastKnownFileType = file.storyboard; path = LogIn.storyboard; sourceTree = "<group>"; };
		4466894428AE3006002A55E4 /* AuthService.swift */ = {isa = PBXFileReference; lastKnownFileType = sourcecode.swift; path = AuthService.swift; sourceTree = "<group>"; };
		4466894628AE327B002A55E4 /* DatabaseService.swift */ = {isa = PBXFileReference; lastKnownFileType = sourcecode.swift; path = DatabaseService.swift; sourceTree = "<group>"; };
		4466894828AE6FDB002A55E4 /* MainTabBarController.swift */ = {isa = PBXFileReference; lastKnownFileType = sourcecode.swift; path = MainTabBarController.swift; sourceTree = "<group>"; };
		44822E462901484F00AADB64 /* View+cornerRadius.swift */ = {isa = PBXFileReference; lastKnownFileType = sourcecode.swift; path = "View+cornerRadius.swift"; sourceTree = "<group>"; };
		44822E482902904A00AADB64 /* ContactViewController.swift */ = {isa = PBXFileReference; lastKnownFileType = sourcecode.swift; path = ContactViewController.swift; sourceTree = "<group>"; };
		448DFA76291545F000E68911 /* FavoriteViewController.swift */ = {isa = PBXFileReference; lastKnownFileType = sourcecode.swift; path = FavoriteViewController.swift; sourceTree = "<group>"; };
		449A3F1C28F6900B00B65EB8 /* UIImage.swift */ = {isa = PBXFileReference; lastKnownFileType = sourcecode.swift; path = UIImage.swift; sourceTree = "<group>"; };
		449A9A7F28CF2D6C0000C008 /* ResultViewController.swift */ = {isa = PBXFileReference; lastKnownFileType = sourcecode.swift; path = ResultViewController.swift; sourceTree = "<group>"; };
		449D68D028D4C29B00A2DD32 /* Tool.swift */ = {isa = PBXFileReference; lastKnownFileType = sourcecode.swift; path = Tool.swift; sourceTree = "<group>"; };
		449D68D228D86C8A00A2DD32 /* ResultTownViewController.swift */ = {isa = PBXFileReference; lastKnownFileType = sourcecode.swift; path = ResultTownViewController.swift; sourceTree = "<group>"; };
		44A7DA20288FF54F00A81E44 /* GoogleService-Info.plist */ = {isa = PBXFileReference; fileEncoding = 4; lastKnownFileType = text.plist.xml; path = "GoogleService-Info.plist"; sourceTree = "<group>"; };
		44A7DA23288FFB3300A81E44 /* SearchViewController.swift */ = {isa = PBXFileReference; lastKnownFileType = sourcecode.swift; path = SearchViewController.swift; sourceTree = "<group>"; };
		44A7DA272891136800A81E44 /* Alert.swift */ = {isa = PBXFileReference; lastKnownFileType = sourcecode.swift; path = Alert.swift; sourceTree = "<group>"; };
		44A7DA2B2891611B00A81E44 /* MyToolsViewController.swift */ = {isa = PBXFileReference; lastKnownFileType = sourcecode.swift; path = MyToolsViewController.swift; sourceTree = "<group>"; };
		44A7DA2F2891613D00A81E44 /* SettingsViewController.swift */ = {isa = PBXFileReference; lastKnownFileType = sourcecode.swift; path = SettingsViewController.swift; sourceTree = "<group>"; };
		44A7DA352893CBB600A81E44 /* ToolsTableViewCell.swift */ = {isa = PBXFileReference; lastKnownFileType = sourcecode.swift; path = ToolsTableViewCell.swift; sourceTree = "<group>"; };
		44A7DA362893CBB600A81E44 /* ToolsTableViewCell.xib */ = {isa = PBXFileReference; lastKnownFileType = file.xib; path = ToolsTableViewCell.xib; sourceTree = "<group>"; };
		44A7DA392893D1BC00A81E44 /* ToolData.swift */ = {isa = PBXFileReference; lastKnownFileType = sourcecode.swift; path = ToolData.swift; sourceTree = "<group>"; };
		44A7DA42289404CD00A81E44 /* AddToolViewController.swift */ = {isa = PBXFileReference; lastKnownFileType = sourcecode.swift; path = AddToolViewController.swift; sourceTree = "<group>"; };
		44B989AE288EBF140038B4F7 /* FindMyTool.app */ = {isa = PBXFileReference; explicitFileType = wrapper.application; includeInIndex = 0; path = FindMyTool.app; sourceTree = BUILT_PRODUCTS_DIR; };
		44B989B1288EBF140038B4F7 /* AppDelegate.swift */ = {isa = PBXFileReference; lastKnownFileType = sourcecode.swift; path = AppDelegate.swift; sourceTree = "<group>"; };
		44B989B3288EBF140038B4F7 /* SceneDelegate.swift */ = {isa = PBXFileReference; lastKnownFileType = sourcecode.swift; path = SceneDelegate.swift; sourceTree = "<group>"; };
		44B989B5288EBF140038B4F7 /* LogInViewController.swift */ = {isa = PBXFileReference; lastKnownFileType = sourcecode.swift; path = LogInViewController.swift; sourceTree = "<group>"; };
		44B989B8288EBF140038B4F7 /* Base */ = {isa = PBXFileReference; lastKnownFileType = file.storyboard; name = Base; path = Base.lproj/Main.storyboard; sourceTree = "<group>"; };
		44B989BD288EBF160038B4F7 /* Assets.xcassets */ = {isa = PBXFileReference; lastKnownFileType = folder.assetcatalog; path = Assets.xcassets; sourceTree = "<group>"; };
		44B989C0288EBF160038B4F7 /* Base */ = {isa = PBXFileReference; lastKnownFileType = file.storyboard; name = Base; path = Base.lproj/LaunchScreen.storyboard; sourceTree = "<group>"; };
		44B989C2288EBF160038B4F7 /* Info.plist */ = {isa = PBXFileReference; lastKnownFileType = text.plist.xml; path = Info.plist; sourceTree = "<group>"; };
		44B989C7288EBF160038B4F7 /* FindMyToolTests.xctest */ = {isa = PBXFileReference; explicitFileType = wrapper.cfbundle; includeInIndex = 0; path = FindMyToolTests.xctest; sourceTree = BUILT_PRODUCTS_DIR; };
		44B989CB288EBF160038B4F7 /* URLProtocolFake.swift */ = {isa = PBXFileReference; lastKnownFileType = sourcecode.swift; path = URLProtocolFake.swift; sourceTree = "<group>"; };
		44E26238288FC7A4003425AC /* SubscribeViewController.swift */ = {isa = PBXFileReference; lastKnownFileType = sourcecode.swift; path = SubscribeViewController.swift; sourceTree = "<group>"; };
		44EDC72E28EC6130005893E4 /* PostalCodeTestCase.swift */ = {isa = PBXFileReference; lastKnownFileType = sourcecode.swift; path = PostalCodeTestCase.swift; sourceTree = "<group>"; };
		44EDC73028EC6151005893E4 /* FakeResponseDataCP.swift */ = {isa = PBXFileReference; lastKnownFileType = sourcecode.swift; path = FakeResponseDataCP.swift; sourceTree = "<group>"; };
		44EDC73228EC6163005893E4 /* PostalCode.json */ = {isa = PBXFileReference; lastKnownFileType = text.json; path = PostalCode.json; sourceTree = "<group>"; };
		44EDC73628EC6243005893E4 /* DetailsViewController.swift */ = {isa = PBXFileReference; lastKnownFileType = sourcecode.swift; path = DetailsViewController.swift; sourceTree = "<group>"; };
/* End PBXFileReference section */

/* Begin PBXFrameworksBuildPhase section */
		44B989AB288EBF140038B4F7 /* Frameworks */ = {
			isa = PBXFrameworksBuildPhase;
			buildActionMask = 2147483647;
			files = (
				448DFA5D291537D700E68911 /* FirebaseFunctions in Frameworks */,
				448DFA53291537D700E68911 /* FirebaseDatabaseSwift in Frameworks */,
				448DFA63291537D700E68911 /* FirebaseInAppMessagingSwift-Beta in Frameworks */,
				448DFA69291537D700E68911 /* FirebaseMessaging in Frameworks */,
				448DFA49291537D700E68911 /* FirebaseAppDistribution-Beta in Frameworks */,
				448DFA4D291537D700E68911 /* FirebaseAuthCombine-Community in Frameworks */,
				448DFA59291537D700E68911 /* FirebaseFirestoreCombine-Community in Frameworks */,
				448DFA43291537D700E68911 /* FirebaseAnalyticsSwift in Frameworks */,
				448DFA67291537D700E68911 /* FirebaseMLModelDownloader in Frameworks */,
				448DFA45291537D700E68911 /* FirebaseAnalyticsWithoutAdIdSupport in Frameworks */,
				448DFA3F291537D700E68911 /* FirebaseAnalytics in Frameworks */,
				448DFA5B291537D700E68911 /* FirebaseFirestoreSwift in Frameworks */,
				448DFA41291537D700E68911 /* FirebaseAnalyticsOnDeviceConversion in Frameworks */,
				448DFA47291537D700E68911 /* FirebaseAppCheck in Frameworks */,
				448DFA6B291537D700E68911 /* FirebasePerformance in Frameworks */,
				448DFA61291537D700E68911 /* FirebaseInAppMessaging-Beta in Frameworks */,
				448DFA5F291537D700E68911 /* FirebaseFunctionsCombine-Community in Frameworks */,
				448DFA4F291537D700E68911 /* FirebaseCrashlytics in Frameworks */,
				448DFA65291537D700E68911 /* FirebaseInstallations in Frameworks */,
				448DFA6D291537D700E68911 /* FirebaseRemoteConfig in Frameworks */,
				448DFA71291537D700E68911 /* FirebaseStorage in Frameworks */,
				448DFA51291537D700E68911 /* FirebaseDatabase in Frameworks */,
				448DFA73291537D700E68911 /* FirebaseStorageCombine-Community in Frameworks */,
				44B596E928FD3F4B0066DB29 /* MessageKit in Frameworks */,
				448DFA4B291537D700E68911 /* FirebaseAuth in Frameworks */,
				448DFA55291537D700E68911 /* FirebaseDynamicLinks in Frameworks */,
				448DFA57291537D700E68911 /* FirebaseFirestore in Frameworks */,
				448DFA6F291537D700E68911 /* FirebaseRemoteConfigSwift in Frameworks */,
			);
			runOnlyForDeploymentPostprocessing = 0;
		};
		44B989C4288EBF160038B4F7 /* Frameworks */ = {
			isa = PBXFrameworksBuildPhase;
			buildActionMask = 2147483647;
			files = (
			);
			runOnlyForDeploymentPostprocessing = 0;
		};
/* End PBXFrameworksBuildPhase section */

/* Begin PBXGroup section */
		44575D8629151FCA009B2753 /* CoreData */ = {
			isa = PBXGroup;
			children = (
				44575D8729151FE7009B2753 /* FindMyTool.xcdatamodeld */,
				44575D8A291520E8009B2753 /* CoreDataService.swift */,
				44575D8C291520F3009B2753 /* CoreDataStack.swift */,
			);
			path = CoreData;
			sourceTree = "<group>";
		};
		44575D8E29152648009B2753 /* Favorites */ = {
			isa = PBXGroup;
			children = (
			);
			path = Favorites;
			sourceTree = "<group>";
		};
		445D289628C236870028D5FF /* Postal Code */ = {
			isa = PBXGroup;
			children = (
				445D288D28C218D10028D5FF /* PostalCodeData.swift */,
				445D289028C219650028D5FF /* PostalCodeService.swift */,
			);
			path = "Postal Code";
			sourceTree = "<group>";
		};
		445D289728C2369D0028D5FF /* Services */ = {
			isa = PBXGroup;
			children = (
				44575D842915109B009B2753 /* FirebaseSession.swift */,
				4466894628AE327B002A55E4 /* DatabaseService.swift */,
				4466894428AE3006002A55E4 /* AuthService.swift */,
			);
			path = Services;
			sourceTree = "<group>";
		};
		44A7DA22288FF9AE00A81E44 /* Extensions */ = {
			isa = PBXGroup;
			children = (
				445D289428C21B4B0028D5FF /* Generic.swift */,
				44A7DA272891136800A81E44 /* Alert.swift */,
				449A3F1C28F6900B00B65EB8 /* UIImage.swift */,
				44822E462901484F00AADB64 /* View+cornerRadius.swift */,
			);
			path = Extensions;
			sourceTree = "<group>";
		};
		44A7DA29289160EE00A81E44 /* HomeView */ = {
			isa = PBXGroup;
			children = (
				44B989B5288EBF140038B4F7 /* LogInViewController.swift */,
				44E26238288FC7A4003425AC /* SubscribeViewController.swift */,
			);
			path = HomeView;
			sourceTree = "<group>";
		};
		44A7DA2A289160F400A81E44 /* AppView */ = {
			isa = PBXGroup;
			children = (
				44A7DA42289404CD00A81E44 /* AddToolViewController.swift */,
				44A7DA2B2891611B00A81E44 /* MyToolsViewController.swift */,
				44A7DA23288FFB3300A81E44 /* SearchViewController.swift */,
				449A9A7F28CF2D6C0000C008 /* ResultViewController.swift */,
				449D68D228D86C8A00A2DD32 /* ResultTownViewController.swift */,
				44A7DA2F2891613D00A81E44 /* SettingsViewController.swift */,
				44EDC73628EC6243005893E4 /* DetailsViewController.swift */,
				448DFA76291545F000E68911 /* FavoriteViewController.swift */,
				44822E482902904A00AADB64 /* ContactViewController.swift */,
			);
			path = AppView;
			sourceTree = "<group>";
		};
		44A7DA342893CB5100A81E44 /* Cell */ = {
			isa = PBXGroup;
			children = (
				44A7DA352893CBB600A81E44 /* ToolsTableViewCell.swift */,
				44A7DA362893CBB600A81E44 /* ToolsTableViewCell.xib */,
			);
			path = Cell;
			sourceTree = "<group>";
		};
		44B989A5288EBF140038B4F7 = {
			isa = PBXGroup;
			children = (
				44B989B0288EBF140038B4F7 /* FindMyTool */,
				44B989CA288EBF160038B4F7 /* FindMyToolTests */,
				44B989AF288EBF140038B4F7 /* Products */,
			);
			sourceTree = "<group>";
		};
		44B989AF288EBF140038B4F7 /* Products */ = {
			isa = PBXGroup;
			children = (
				44B989AE288EBF140038B4F7 /* FindMyTool.app */,
				44B989C7288EBF160038B4F7 /* FindMyToolTests.xctest */,
			);
			name = Products;
			sourceTree = "<group>";
		};
		44B989B0288EBF140038B4F7 /* FindMyTool */ = {
			isa = PBXGroup;
			children = (
				44B989E4288EBF330038B4F7 /* Model */,
				44B989E5288EBF3D0038B4F7 /* View */,
				44B989E6288EBF420038B4F7 /* Controller */,
				44A7DA22288FF9AE00A81E44 /* Extensions */,
				44B989B1288EBF140038B4F7 /* AppDelegate.swift */,
				44B989B3288EBF140038B4F7 /* SceneDelegate.swift */,
				44B989BD288EBF160038B4F7 /* Assets.xcassets */,
				44B989C2288EBF160038B4F7 /* Info.plist */,
				44A7DA20288FF54F00A81E44 /* GoogleService-Info.plist */,
			);
			path = FindMyTool;
			sourceTree = "<group>";
		};
		44B989CA288EBF160038B4F7 /* FindMyToolTests */ = {
			isa = PBXGroup;
			children = (
				44B989CB288EBF160038B4F7 /* URLProtocolFake.swift */,
				44575D8229150607009B2753 /* FakeDatabaseSession.swift */,
				44EDC73528EC6197005893E4 /* Model */,
				44EDC73428EC6190005893E4 /* PostalCode */,
			);
			path = FindMyToolTests;
			sourceTree = "<group>";
		};
		44B989E4288EBF330038B4F7 /* Model */ = {
			isa = PBXGroup;
			children = (
				44575D8629151FCA009B2753 /* CoreData */,
				44EDC72B28EC5F29005893E4 /* Error */,
				445D289628C236870028D5FF /* Postal Code */,
				44EDC72A28EC5E77005893E4 /* Tools */,
				445D289728C2369D0028D5FF /* Services */,
			);
			path = Model;
			sourceTree = "<group>";
		};
		44B989E5288EBF3D0038B4F7 /* View */ = {
			isa = PBXGroup;
			children = (
				44B989B7288EBF140038B4F7 /* Main.storyboard */,
				4466894228AE2995002A55E4 /* LogIn.storyboard */,
				44B989BF288EBF160038B4F7 /* LaunchScreen.storyboard */,
				44A7DA342893CB5100A81E44 /* Cell */,
			);
			path = View;
			sourceTree = "<group>";
		};
		44B989E6288EBF420038B4F7 /* Controller */ = {
			isa = PBXGroup;
			children = (
				4466894828AE6FDB002A55E4 /* MainTabBarController.swift */,
				44A7DA29289160EE00A81E44 /* HomeView */,
				44A7DA2A289160F400A81E44 /* AppView */,
				44575D8E29152648009B2753 /* Favorites */,
			);
			path = Controller;
			sourceTree = "<group>";
		};
		44E862E02912DBA4008E13C1 /* Services */ = {
			isa = PBXGroup;
			children = (
				442FF5AC290C178D00FECB59 /* DatabaseServiceTests.swift */,
			);
			path = Services;
			sourceTree = "<group>";
		};
		44EDC72A28EC5E77005893E4 /* Tools */ = {
			isa = PBXGroup;
			children = (
				449D68D028D4C29B00A2DD32 /* Tool.swift */,
				44A7DA392893D1BC00A81E44 /* ToolData.swift */,
			);
			path = Tools;
			sourceTree = "<group>";
		};
		44EDC72B28EC5F29005893E4 /* Error */ = {
			isa = PBXGroup;
			children = (
				445D289228C21AB80028D5FF /* NetworkError.swift */,
			);
			path = Error;
			sourceTree = "<group>";
		};
		44EDC73428EC6190005893E4 /* PostalCode */ = {
			isa = PBXGroup;
			children = (
				44EDC72E28EC6130005893E4 /* PostalCodeTestCase.swift */,
				44EDC73028EC6151005893E4 /* FakeResponseDataCP.swift */,
				44EDC73228EC6163005893E4 /* PostalCode.json */,
			);
			path = PostalCode;
			sourceTree = "<group>";
		};
		44EDC73528EC6197005893E4 /* Model */ = {
			isa = PBXGroup;
			children = (
				44E862E02912DBA4008E13C1 /* Services */,
			);
			path = Model;
			sourceTree = "<group>";
		};
/* End PBXGroup section */

/* Begin PBXNativeTarget section */
		44B989AD288EBF140038B4F7 /* FindMyTool */ = {
			isa = PBXNativeTarget;
			buildConfigurationList = 44B989DB288EBF160038B4F7 /* Build configuration list for PBXNativeTarget "FindMyTool" */;
			buildPhases = (
				44B989AA288EBF140038B4F7 /* Sources */,
				44B989AB288EBF140038B4F7 /* Frameworks */,
				44B989AC288EBF140038B4F7 /* Resources */,
			);
			buildRules = (
			);
			dependencies = (
			);
			name = FindMyTool;
			packageProductDependencies = (
				44B596E828FD3F4B0066DB29 /* MessageKit */,
				448DFA3E291537D700E68911 /* FirebaseAnalytics */,
				448DFA40291537D700E68911 /* FirebaseAnalyticsOnDeviceConversion */,
				448DFA42291537D700E68911 /* FirebaseAnalyticsSwift */,
				448DFA44291537D700E68911 /* FirebaseAnalyticsWithoutAdIdSupport */,
				448DFA46291537D700E68911 /* FirebaseAppCheck */,
				448DFA48291537D700E68911 /* FirebaseAppDistribution-Beta */,
				448DFA4A291537D700E68911 /* FirebaseAuth */,
				448DFA4C291537D700E68911 /* FirebaseAuthCombine-Community */,
				448DFA4E291537D700E68911 /* FirebaseCrashlytics */,
				448DFA50291537D700E68911 /* FirebaseDatabase */,
				448DFA52291537D700E68911 /* FirebaseDatabaseSwift */,
				448DFA54291537D700E68911 /* FirebaseDynamicLinks */,
				448DFA56291537D700E68911 /* FirebaseFirestore */,
				448DFA58291537D700E68911 /* FirebaseFirestoreCombine-Community */,
				448DFA5A291537D700E68911 /* FirebaseFirestoreSwift */,
				448DFA5C291537D700E68911 /* FirebaseFunctions */,
				448DFA5E291537D700E68911 /* FirebaseFunctionsCombine-Community */,
				448DFA60291537D700E68911 /* FirebaseInAppMessaging-Beta */,
				448DFA62291537D700E68911 /* FirebaseInAppMessagingSwift-Beta */,
				448DFA64291537D700E68911 /* FirebaseInstallations */,
				448DFA66291537D700E68911 /* FirebaseMLModelDownloader */,
				448DFA68291537D700E68911 /* FirebaseMessaging */,
				448DFA6A291537D700E68911 /* FirebasePerformance */,
				448DFA6C291537D700E68911 /* FirebaseRemoteConfig */,
				448DFA6E291537D700E68911 /* FirebaseRemoteConfigSwift */,
				448DFA70291537D700E68911 /* FirebaseStorage */,
				448DFA72291537D700E68911 /* FirebaseStorageCombine-Community */,
			);
			productName = FindMyTool;
			productReference = 44B989AE288EBF140038B4F7 /* FindMyTool.app */;
			productType = "com.apple.product-type.application";
		};
		44B989C6288EBF160038B4F7 /* FindMyToolTests */ = {
			isa = PBXNativeTarget;
			buildConfigurationList = 44B989DE288EBF160038B4F7 /* Build configuration list for PBXNativeTarget "FindMyToolTests" */;
			buildPhases = (
				44B989C3288EBF160038B4F7 /* Sources */,
				44B989C4288EBF160038B4F7 /* Frameworks */,
				44B989C5288EBF160038B4F7 /* Resources */,
			);
			buildRules = (
			);
			dependencies = (
				44B989C9288EBF160038B4F7 /* PBXTargetDependency */,
			);
			name = FindMyToolTests;
			productName = FindMyToolTests;
			productReference = 44B989C7288EBF160038B4F7 /* FindMyToolTests.xctest */;
			productType = "com.apple.product-type.bundle.unit-test";
		};
/* End PBXNativeTarget section */

/* Begin PBXProject section */
		44B989A6288EBF140038B4F7 /* Project object */ = {
			isa = PBXProject;
			attributes = {
				BuildIndependentTargetsInParallel = 1;
				LastSwiftUpdateCheck = 1340;
				LastUpgradeCheck = 1340;
				TargetAttributes = {
					44B989AD288EBF140038B4F7 = {
						CreatedOnToolsVersion = 13.4.1;
					};
					44B989C6288EBF160038B4F7 = {
						CreatedOnToolsVersion = 13.4.1;
						TestTargetID = 44B989AD288EBF140038B4F7;
					};
				};
			};
			buildConfigurationList = 44B989A9288EBF140038B4F7 /* Build configuration list for PBXProject "FindMyTool" */;
			compatibilityVersion = "Xcode 14.0";
			developmentRegion = en;
			hasScannedForEncodings = 0;
			knownRegions = (
				en,
				Base,
			);
			mainGroup = 44B989A5288EBF140038B4F7;
			packageReferences = (
				44B596E728FD3F4B0066DB29 /* XCRemoteSwiftPackageReference "MessageKit" */,
				448DFA3D291537D700E68911 /* XCRemoteSwiftPackageReference "firebase-ios-sdk" */,
			);
			productRefGroup = 44B989AF288EBF140038B4F7 /* Products */;
			projectDirPath = "";
			projectRoot = "";
			targets = (
				44B989AD288EBF140038B4F7 /* FindMyTool */,
				44B989C6288EBF160038B4F7 /* FindMyToolTests */,
			);
		};
/* End PBXProject section */

/* Begin PBXResourcesBuildPhase section */
		44B989AC288EBF140038B4F7 /* Resources */ = {
			isa = PBXResourcesBuildPhase;
			buildActionMask = 2147483647;
			files = (
				44575D9129152DBE009B2753 /* GoogleService-Info.plist in Resources */,
				44B989C1288EBF160038B4F7 /* LaunchScreen.storyboard in Resources */,
				44B989BE288EBF160038B4F7 /* Assets.xcassets in Resources */,
				44A7DA382893CBB600A81E44 /* ToolsTableViewCell.xib in Resources */,
				44B989B9288EBF140038B4F7 /* Main.storyboard in Resources */,
				4466894328AE2995002A55E4 /* LogIn.storyboard in Resources */,
			);
			runOnlyForDeploymentPostprocessing = 0;
		};
		44B989C5288EBF160038B4F7 /* Resources */ = {
			isa = PBXResourcesBuildPhase;
			buildActionMask = 2147483647;
			files = (
				44EDC73328EC6163005893E4 /* PostalCode.json in Resources */,
			);
			runOnlyForDeploymentPostprocessing = 0;
		};
/* End PBXResourcesBuildPhase section */

/* Begin PBXSourcesBuildPhase section */
		44B989AA288EBF140038B4F7 /* Sources */ = {
			isa = PBXSourcesBuildPhase;
			buildActionMask = 2147483647;
			files = (
				44575D8D291520F3009B2753 /* CoreDataStack.swift in Sources */,
				44575D8B291520E8009B2753 /* CoreDataService.swift in Sources */,
				44A7DA25288FFB3300A81E44 /* SearchViewController.swift in Sources */,
				44575D8929151FE7009B2753 /* FindMyTool.xcdatamodeld in Sources */,
				448DFA77291545F000E68911 /* FavoriteViewController.swift in Sources */,
				449A9A8028CF2D6C0000C008 /* ResultViewController.swift in Sources */,
				44B989B6288EBF140038B4F7 /* LogInViewController.swift in Sources */,
				44822E472901484F00AADB64 /* View+cornerRadius.swift in Sources */,
				449D68D328D86C8A00A2DD32 /* ResultTownViewController.swift in Sources */,
				449A3F1D28F6900B00B65EB8 /* UIImage.swift in Sources */,
				44575D852915109B009B2753 /* FirebaseSession.swift in Sources */,
				44A7DA3A2893D1BC00A81E44 /* ToolData.swift in Sources */,
				44A7DA302891613D00A81E44 /* SettingsViewController.swift in Sources */,
				445D289528C21B4B0028D5FF /* Generic.swift in Sources */,
				44B989B2288EBF140038B4F7 /* AppDelegate.swift in Sources */,
				44A7DA2C2891611B00A81E44 /* MyToolsViewController.swift in Sources */,
				44A7DA43289404CD00A81E44 /* AddToolViewController.swift in Sources */,
				445D289128C219650028D5FF /* PostalCodeService.swift in Sources */,
				44EDC73728EC6243005893E4 /* DetailsViewController.swift in Sources */,
				44B989B4288EBF140038B4F7 /* SceneDelegate.swift in Sources */,
				449D68D128D4C29B00A2DD32 /* Tool.swift in Sources */,
				44E26239288FC7A4003425AC /* SubscribeViewController.swift in Sources */,
				4466894928AE6FDB002A55E4 /* MainTabBarController.swift in Sources */,
				4466894728AE327B002A55E4 /* DatabaseService.swift in Sources */,
				445D288E28C218D10028D5FF /* PostalCodeData.swift in Sources */,
				44A7DA372893CBB600A81E44 /* ToolsTableViewCell.swift in Sources */,
				44A7DA282891136800A81E44 /* Alert.swift in Sources */,
				4466894528AE3006002A55E4 /* AuthService.swift in Sources */,
				445D289328C21AB80028D5FF /* NetworkError.swift in Sources */,
				44822E492902904A00AADB64 /* ContactViewController.swift in Sources */,
			);
			runOnlyForDeploymentPostprocessing = 0;
		};
		44B989C3288EBF160038B4F7 /* Sources */ = {
			isa = PBXSourcesBuildPhase;
			buildActionMask = 2147483647;
			files = (
				442FF5AD290C178D00FECB59 /* DatabaseServiceTests.swift in Sources */,
				44EDC72F28EC6130005893E4 /* PostalCodeTestCase.swift in Sources */,
				44575D8329150607009B2753 /* FakeDatabaseSession.swift in Sources */,
				44EDC73128EC6151005893E4 /* FakeResponseDataCP.swift in Sources */,
				44B989CC288EBF160038B4F7 /* URLProtocolFake.swift in Sources */,
			);
			runOnlyForDeploymentPostprocessing = 0;
		};
/* End PBXSourcesBuildPhase section */

/* Begin PBXTargetDependency section */
		44B989C9288EBF160038B4F7 /* PBXTargetDependency */ = {
			isa = PBXTargetDependency;
			target = 44B989AD288EBF140038B4F7 /* FindMyTool */;
			targetProxy = 44B989C8288EBF160038B4F7 /* PBXContainerItemProxy */;
		};
/* End PBXTargetDependency section */

/* Begin PBXVariantGroup section */
		44B989B7288EBF140038B4F7 /* Main.storyboard */ = {
			isa = PBXVariantGroup;
			children = (
				44B989B8288EBF140038B4F7 /* Base */,
			);
			name = Main.storyboard;
			sourceTree = "<group>";
		};
		44B989BF288EBF160038B4F7 /* LaunchScreen.storyboard */ = {
			isa = PBXVariantGroup;
			children = (
				44B989C0288EBF160038B4F7 /* Base */,
			);
			name = LaunchScreen.storyboard;
			sourceTree = "<group>";
		};
/* End PBXVariantGroup section */

/* Begin XCBuildConfiguration section */
		44B989D9288EBF160038B4F7 /* Debug */ = {
			isa = XCBuildConfiguration;
			buildSettings = {
				ALWAYS_SEARCH_USER_PATHS = NO;
				CLANG_ANALYZER_NONNULL = YES;
				CLANG_ANALYZER_NUMBER_OBJECT_CONVERSION = YES_AGGRESSIVE;
				CLANG_CXX_LANGUAGE_STANDARD = "gnu++17";
				CLANG_ENABLE_MODULES = YES;
				CLANG_ENABLE_OBJC_ARC = YES;
				CLANG_ENABLE_OBJC_WEAK = YES;
				CLANG_WARN_BLOCK_CAPTURE_AUTORELEASING = YES;
				CLANG_WARN_BOOL_CONVERSION = YES;
				CLANG_WARN_COMMA = YES;
				CLANG_WARN_CONSTANT_CONVERSION = YES;
				CLANG_WARN_DEPRECATED_OBJC_IMPLEMENTATIONS = YES;
				CLANG_WARN_DIRECT_OBJC_ISA_USAGE = YES_ERROR;
				CLANG_WARN_DOCUMENTATION_COMMENTS = YES;
				CLANG_WARN_EMPTY_BODY = YES;
				CLANG_WARN_ENUM_CONVERSION = YES;
				CLANG_WARN_INFINITE_RECURSION = YES;
				CLANG_WARN_INT_CONVERSION = YES;
				CLANG_WARN_NON_LITERAL_NULL_CONVERSION = YES;
				CLANG_WARN_OBJC_IMPLICIT_RETAIN_SELF = YES;
				CLANG_WARN_OBJC_LITERAL_CONVERSION = YES;
				CLANG_WARN_OBJC_ROOT_CLASS = YES_ERROR;
				CLANG_WARN_QUOTED_INCLUDE_IN_FRAMEWORK_HEADER = YES;
				CLANG_WARN_RANGE_LOOP_ANALYSIS = YES;
				CLANG_WARN_STRICT_PROTOTYPES = YES;
				CLANG_WARN_SUSPICIOUS_MOVE = YES;
				CLANG_WARN_UNGUARDED_AVAILABILITY = YES_AGGRESSIVE;
				CLANG_WARN_UNREACHABLE_CODE = YES;
				CLANG_WARN__DUPLICATE_METHOD_MATCH = YES;
				COPY_PHASE_STRIP = NO;
				DEBUG_INFORMATION_FORMAT = dwarf;
				ENABLE_STRICT_OBJC_MSGSEND = YES;
				ENABLE_TESTABILITY = YES;
				GCC_C_LANGUAGE_STANDARD = gnu11;
				GCC_DYNAMIC_NO_PIC = NO;
				GCC_NO_COMMON_BLOCKS = YES;
				GCC_OPTIMIZATION_LEVEL = 0;
				GCC_PREPROCESSOR_DEFINITIONS = (
					"DEBUG=1",
					"$(inherited)",
				);
				GCC_WARN_64_TO_32_BIT_CONVERSION = YES;
				GCC_WARN_ABOUT_RETURN_TYPE = YES_ERROR;
				GCC_WARN_UNDECLARED_SELECTOR = YES;
				GCC_WARN_UNINITIALIZED_AUTOS = YES_AGGRESSIVE;
				GCC_WARN_UNUSED_FUNCTION = YES;
				GCC_WARN_UNUSED_VARIABLE = YES;
				IPHONEOS_DEPLOYMENT_TARGET = 16.0;
				MTL_ENABLE_DEBUG_INFO = INCLUDE_SOURCE;
				MTL_FAST_MATH = YES;
				ONLY_ACTIVE_ARCH = YES;
				SDKROOT = iphoneos;
				SWIFT_ACTIVE_COMPILATION_CONDITIONS = DEBUG;
				SWIFT_OPTIMIZATION_LEVEL = "-Onone";
			};
			name = Debug;
		};
		44B989DA288EBF160038B4F7 /* Release */ = {
			isa = XCBuildConfiguration;
			buildSettings = {
				ALWAYS_SEARCH_USER_PATHS = NO;
				CLANG_ANALYZER_NONNULL = YES;
				CLANG_ANALYZER_NUMBER_OBJECT_CONVERSION = YES_AGGRESSIVE;
				CLANG_CXX_LANGUAGE_STANDARD = "gnu++17";
				CLANG_ENABLE_MODULES = YES;
				CLANG_ENABLE_OBJC_ARC = YES;
				CLANG_ENABLE_OBJC_WEAK = YES;
				CLANG_WARN_BLOCK_CAPTURE_AUTORELEASING = YES;
				CLANG_WARN_BOOL_CONVERSION = YES;
				CLANG_WARN_COMMA = YES;
				CLANG_WARN_CONSTANT_CONVERSION = YES;
				CLANG_WARN_DEPRECATED_OBJC_IMPLEMENTATIONS = YES;
				CLANG_WARN_DIRECT_OBJC_ISA_USAGE = YES_ERROR;
				CLANG_WARN_DOCUMENTATION_COMMENTS = YES;
				CLANG_WARN_EMPTY_BODY = YES;
				CLANG_WARN_ENUM_CONVERSION = YES;
				CLANG_WARN_INFINITE_RECURSION = YES;
				CLANG_WARN_INT_CONVERSION = YES;
				CLANG_WARN_NON_LITERAL_NULL_CONVERSION = YES;
				CLANG_WARN_OBJC_IMPLICIT_RETAIN_SELF = YES;
				CLANG_WARN_OBJC_LITERAL_CONVERSION = YES;
				CLANG_WARN_OBJC_ROOT_CLASS = YES_ERROR;
				CLANG_WARN_QUOTED_INCLUDE_IN_FRAMEWORK_HEADER = YES;
				CLANG_WARN_RANGE_LOOP_ANALYSIS = YES;
				CLANG_WARN_STRICT_PROTOTYPES = YES;
				CLANG_WARN_SUSPICIOUS_MOVE = YES;
				CLANG_WARN_UNGUARDED_AVAILABILITY = YES_AGGRESSIVE;
				CLANG_WARN_UNREACHABLE_CODE = YES;
				CLANG_WARN__DUPLICATE_METHOD_MATCH = YES;
				COPY_PHASE_STRIP = NO;
				DEBUG_INFORMATION_FORMAT = "dwarf-with-dsym";
				ENABLE_NS_ASSERTIONS = NO;
				ENABLE_STRICT_OBJC_MSGSEND = YES;
				GCC_C_LANGUAGE_STANDARD = gnu11;
				GCC_NO_COMMON_BLOCKS = YES;
				GCC_WARN_64_TO_32_BIT_CONVERSION = YES;
				GCC_WARN_ABOUT_RETURN_TYPE = YES_ERROR;
				GCC_WARN_UNDECLARED_SELECTOR = YES;
				GCC_WARN_UNINITIALIZED_AUTOS = YES_AGGRESSIVE;
				GCC_WARN_UNUSED_FUNCTION = YES;
				GCC_WARN_UNUSED_VARIABLE = YES;
				IPHONEOS_DEPLOYMENT_TARGET = 16.0;
				MTL_ENABLE_DEBUG_INFO = NO;
				MTL_FAST_MATH = YES;
				SDKROOT = iphoneos;
				SWIFT_COMPILATION_MODE = wholemodule;
				SWIFT_OPTIMIZATION_LEVEL = "-O";
				VALIDATE_PRODUCT = YES;
			};
			name = Release;
		};
		44B989DC288EBF160038B4F7 /* Debug */ = {
			isa = XCBuildConfiguration;
			buildSettings = {
				ASSETCATALOG_COMPILER_APPICON_NAME = AppIcon;
				ASSETCATALOG_COMPILER_GLOBAL_ACCENT_COLOR_NAME = AccentColor;
				CODE_SIGN_STYLE = Automatic;
				CURRENT_PROJECT_VERSION = 1;
				DEVELOPMENT_TEAM = K46AS943RY;
				GENERATE_INFOPLIST_FILE = YES;
				INFOPLIST_FILE = FindMyTool/Info.plist;
				INFOPLIST_KEY_UIApplicationSupportsIndirectInputEvents = YES;
				INFOPLIST_KEY_UILaunchStoryboardName = LaunchScreen;
				INFOPLIST_KEY_UIMainStoryboardFile = Main;
				INFOPLIST_KEY_UISupportedInterfaceOrientations_iPad = "UIInterfaceOrientationPortrait UIInterfaceOrientationPortraitUpsideDown UIInterfaceOrientationLandscapeLeft UIInterfaceOrientationLandscapeRight";
				INFOPLIST_KEY_UISupportedInterfaceOrientations_iPhone = "UIInterfaceOrientationPortrait UIInterfaceOrientationLandscapeLeft UIInterfaceOrientationLandscapeRight";
				LD_RUNPATH_SEARCH_PATHS = (
					"$(inherited)",
					"@executable_path/Frameworks",
				);
				MARKETING_VERSION = 1.0;
				PRODUCT_BUNDLE_IDENTIFIER = com.ocr.FindMyTool;
				PRODUCT_NAME = "$(TARGET_NAME)";
				SWIFT_EMIT_LOC_STRINGS = YES;
				SWIFT_VERSION = 5.0;
				TARGETED_DEVICE_FAMILY = "1,2";
			};
			name = Debug;
		};
		44B989DD288EBF160038B4F7 /* Release */ = {
			isa = XCBuildConfiguration;
			buildSettings = {
				ASSETCATALOG_COMPILER_APPICON_NAME = AppIcon;
				ASSETCATALOG_COMPILER_GLOBAL_ACCENT_COLOR_NAME = AccentColor;
				CODE_SIGN_STYLE = Automatic;
				CURRENT_PROJECT_VERSION = 1;
				DEVELOPMENT_TEAM = K46AS943RY;
				GENERATE_INFOPLIST_FILE = YES;
				INFOPLIST_FILE = FindMyTool/Info.plist;
				INFOPLIST_KEY_UIApplicationSupportsIndirectInputEvents = YES;
				INFOPLIST_KEY_UILaunchStoryboardName = LaunchScreen;
				INFOPLIST_KEY_UIMainStoryboardFile = Main;
				INFOPLIST_KEY_UISupportedInterfaceOrientations_iPad = "UIInterfaceOrientationPortrait UIInterfaceOrientationPortraitUpsideDown UIInterfaceOrientationLandscapeLeft UIInterfaceOrientationLandscapeRight";
				INFOPLIST_KEY_UISupportedInterfaceOrientations_iPhone = "UIInterfaceOrientationPortrait UIInterfaceOrientationLandscapeLeft UIInterfaceOrientationLandscapeRight";
				LD_RUNPATH_SEARCH_PATHS = (
					"$(inherited)",
					"@executable_path/Frameworks",
				);
				MARKETING_VERSION = 1.0;
				PRODUCT_BUNDLE_IDENTIFIER = com.ocr.FindMyTool;
				PRODUCT_NAME = "$(TARGET_NAME)";
				SWIFT_EMIT_LOC_STRINGS = YES;
				SWIFT_VERSION = 5.0;
				TARGETED_DEVICE_FAMILY = "1,2";
			};
			name = Release;
		};
		44B989DF288EBF160038B4F7 /* Debug */ = {
			isa = XCBuildConfiguration;
			buildSettings = {
				ALWAYS_EMBED_SWIFT_STANDARD_LIBRARIES = YES;
				BUNDLE_LOADER = "$(TEST_HOST)";
				CODE_SIGN_STYLE = Automatic;
				CURRENT_PROJECT_VERSION = 1;
				DEVELOPMENT_TEAM = K46AS943RY;
				GENERATE_INFOPLIST_FILE = YES;
				IPHONEOS_DEPLOYMENT_TARGET = 16.0;
				MARKETING_VERSION = 1.0;
				PRODUCT_BUNDLE_IDENTIFIER = com.ocr.FindMyToolTests;
				PRODUCT_NAME = "$(TARGET_NAME)";
				SWIFT_EMIT_LOC_STRINGS = NO;
				SWIFT_VERSION = 5.0;
				TARGETED_DEVICE_FAMILY = "1,2";
				TEST_HOST = "$(BUILT_PRODUCTS_DIR)/FindMyTool.app/FindMyTool";
			};
			name = Debug;
		};
		44B989E0288EBF160038B4F7 /* Release */ = {
			isa = XCBuildConfiguration;
			buildSettings = {
				ALWAYS_EMBED_SWIFT_STANDARD_LIBRARIES = YES;
				BUNDLE_LOADER = "$(TEST_HOST)";
				CODE_SIGN_STYLE = Automatic;
				CURRENT_PROJECT_VERSION = 1;
				DEVELOPMENT_TEAM = K46AS943RY;
				GENERATE_INFOPLIST_FILE = YES;
				IPHONEOS_DEPLOYMENT_TARGET = 16.0;
				MARKETING_VERSION = 1.0;
				PRODUCT_BUNDLE_IDENTIFIER = com.ocr.FindMyToolTests;
				PRODUCT_NAME = "$(TARGET_NAME)";
				SWIFT_EMIT_LOC_STRINGS = NO;
				SWIFT_VERSION = 5.0;
				TARGETED_DEVICE_FAMILY = "1,2";
				TEST_HOST = "$(BUILT_PRODUCTS_DIR)/FindMyTool.app/FindMyTool";
			};
			name = Release;
		};
/* End XCBuildConfiguration section */

/* Begin XCConfigurationList section */
		44B989A9288EBF140038B4F7 /* Build configuration list for PBXProject "FindMyTool" */ = {
			isa = XCConfigurationList;
			buildConfigurations = (
				44B989D9288EBF160038B4F7 /* Debug */,
				44B989DA288EBF160038B4F7 /* Release */,
			);
			defaultConfigurationIsVisible = 0;
			defaultConfigurationName = Release;
		};
		44B989DB288EBF160038B4F7 /* Build configuration list for PBXNativeTarget "FindMyTool" */ = {
			isa = XCConfigurationList;
			buildConfigurations = (
				44B989DC288EBF160038B4F7 /* Debug */,
				44B989DD288EBF160038B4F7 /* Release */,
			);
			defaultConfigurationIsVisible = 0;
			defaultConfigurationName = Release;
		};
		44B989DE288EBF160038B4F7 /* Build configuration list for PBXNativeTarget "FindMyToolTests" */ = {
			isa = XCConfigurationList;
			buildConfigurations = (
				44B989DF288EBF160038B4F7 /* Debug */,
				44B989E0288EBF160038B4F7 /* Release */,
			);
			defaultConfigurationIsVisible = 0;
			defaultConfigurationName = Release;
		};
/* End XCConfigurationList section */

/* Begin XCRemoteSwiftPackageReference section */
		448DFA3D291537D700E68911 /* XCRemoteSwiftPackageReference "firebase-ios-sdk" */ = {
			isa = XCRemoteSwiftPackageReference;
			repositoryURL = "https://github.com/firebase/firebase-ios-sdk";
			requirement = {
				branch = master;
				kind = branch;
			};
		};
		44B596E728FD3F4B0066DB29 /* XCRemoteSwiftPackageReference "MessageKit" */ = {
			isa = XCRemoteSwiftPackageReference;
			repositoryURL = "https://github.com/MessageKit/MessageKit.git";
			requirement = {
				kind = upToNextMajorVersion;
				minimumVersion = 4.0.0;
			};
		};
/* End XCRemoteSwiftPackageReference section */

/* Begin XCSwiftPackageProductDependency section */
		448DFA3E291537D700E68911 /* FirebaseAnalytics */ = {
			isa = XCSwiftPackageProductDependency;
			package = 448DFA3D291537D700E68911 /* XCRemoteSwiftPackageReference "firebase-ios-sdk" */;
			productName = FirebaseAnalytics;
		};
		448DFA40291537D700E68911 /* FirebaseAnalyticsOnDeviceConversion */ = {
			isa = XCSwiftPackageProductDependency;
			package = 448DFA3D291537D700E68911 /* XCRemoteSwiftPackageReference "firebase-ios-sdk" */;
			productName = FirebaseAnalyticsOnDeviceConversion;
		};
		448DFA42291537D700E68911 /* FirebaseAnalyticsSwift */ = {
			isa = XCSwiftPackageProductDependency;
			package = 448DFA3D291537D700E68911 /* XCRemoteSwiftPackageReference "firebase-ios-sdk" */;
			productName = FirebaseAnalyticsSwift;
		};
		448DFA44291537D700E68911 /* FirebaseAnalyticsWithoutAdIdSupport */ = {
			isa = XCSwiftPackageProductDependency;
			package = 448DFA3D291537D700E68911 /* XCRemoteSwiftPackageReference "firebase-ios-sdk" */;
			productName = FirebaseAnalyticsWithoutAdIdSupport;
		};
		448DFA46291537D700E68911 /* FirebaseAppCheck */ = {
			isa = XCSwiftPackageProductDependency;
			package = 448DFA3D291537D700E68911 /* XCRemoteSwiftPackageReference "firebase-ios-sdk" */;
			productName = FirebaseAppCheck;
		};
		448DFA48291537D700E68911 /* FirebaseAppDistribution-Beta */ = {
			isa = XCSwiftPackageProductDependency;
			package = 448DFA3D291537D700E68911 /* XCRemoteSwiftPackageReference "firebase-ios-sdk" */;
			productName = "FirebaseAppDistribution-Beta";
		};
		448DFA4A291537D700E68911 /* FirebaseAuth */ = {
			isa = XCSwiftPackageProductDependency;
			package = 448DFA3D291537D700E68911 /* XCRemoteSwiftPackageReference "firebase-ios-sdk" */;
			productName = FirebaseAuth;
		};
		448DFA4C291537D700E68911 /* FirebaseAuthCombine-Community */ = {
			isa = XCSwiftPackageProductDependency;
			package = 448DFA3D291537D700E68911 /* XCRemoteSwiftPackageReference "firebase-ios-sdk" */;
			productName = "FirebaseAuthCombine-Community";
		};
		448DFA4E291537D700E68911 /* FirebaseCrashlytics */ = {
			isa = XCSwiftPackageProductDependency;
			package = 448DFA3D291537D700E68911 /* XCRemoteSwiftPackageReference "firebase-ios-sdk" */;
			productName = FirebaseCrashlytics;
		};
		448DFA50291537D700E68911 /* FirebaseDatabase */ = {
			isa = XCSwiftPackageProductDependency;
			package = 448DFA3D291537D700E68911 /* XCRemoteSwiftPackageReference "firebase-ios-sdk" */;
			productName = FirebaseDatabase;
		};
		448DFA52291537D700E68911 /* FirebaseDatabaseSwift */ = {
			isa = XCSwiftPackageProductDependency;
			package = 448DFA3D291537D700E68911 /* XCRemoteSwiftPackageReference "firebase-ios-sdk" */;
			productName = FirebaseDatabaseSwift;
		};
		448DFA54291537D700E68911 /* FirebaseDynamicLinks */ = {
			isa = XCSwiftPackageProductDependency;
			package = 448DFA3D291537D700E68911 /* XCRemoteSwiftPackageReference "firebase-ios-sdk" */;
			productName = FirebaseDynamicLinks;
		};
		448DFA56291537D700E68911 /* FirebaseFirestore */ = {
			isa = XCSwiftPackageProductDependency;
			package = 448DFA3D291537D700E68911 /* XCRemoteSwiftPackageReference "firebase-ios-sdk" */;
			productName = FirebaseFirestore;
		};
		448DFA58291537D700E68911 /* FirebaseFirestoreCombine-Community */ = {
			isa = XCSwiftPackageProductDependency;
			package = 448DFA3D291537D700E68911 /* XCRemoteSwiftPackageReference "firebase-ios-sdk" */;
			productName = "FirebaseFirestoreCombine-Community";
		};
		448DFA5A291537D700E68911 /* FirebaseFirestoreSwift */ = {
			isa = XCSwiftPackageProductDependency;
			package = 448DFA3D291537D700E68911 /* XCRemoteSwiftPackageReference "firebase-ios-sdk" */;
			productName = FirebaseFirestoreSwift;
		};
		448DFA5C291537D700E68911 /* FirebaseFunctions */ = {
			isa = XCSwiftPackageProductDependency;
			package = 448DFA3D291537D700E68911 /* XCRemoteSwiftPackageReference "firebase-ios-sdk" */;
			productName = FirebaseFunctions;
		};
		448DFA5E291537D700E68911 /* FirebaseFunctionsCombine-Community */ = {
			isa = XCSwiftPackageProductDependency;
			package = 448DFA3D291537D700E68911 /* XCRemoteSwiftPackageReference "firebase-ios-sdk" */;
			productName = "FirebaseFunctionsCombine-Community";
		};
		448DFA60291537D700E68911 /* FirebaseInAppMessaging-Beta */ = {
			isa = XCSwiftPackageProductDependency;
			package = 448DFA3D291537D700E68911 /* XCRemoteSwiftPackageReference "firebase-ios-sdk" */;
			productName = "FirebaseInAppMessaging-Beta";
		};
		448DFA62291537D700E68911 /* FirebaseInAppMessagingSwift-Beta */ = {
			isa = XCSwiftPackageProductDependency;
			package = 448DFA3D291537D700E68911 /* XCRemoteSwiftPackageReference "firebase-ios-sdk" */;
			productName = "FirebaseInAppMessagingSwift-Beta";
		};
		448DFA64291537D700E68911 /* FirebaseInstallations */ = {
			isa = XCSwiftPackageProductDependency;
			package = 448DFA3D291537D700E68911 /* XCRemoteSwiftPackageReference "firebase-ios-sdk" */;
			productName = FirebaseInstallations;
		};
		448DFA66291537D700E68911 /* FirebaseMLModelDownloader */ = {
			isa = XCSwiftPackageProductDependency;
			package = 448DFA3D291537D700E68911 /* XCRemoteSwiftPackageReference "firebase-ios-sdk" */;
			productName = FirebaseMLModelDownloader;
		};
		448DFA68291537D700E68911 /* FirebaseMessaging */ = {
			isa = XCSwiftPackageProductDependency;
			package = 448DFA3D291537D700E68911 /* XCRemoteSwiftPackageReference "firebase-ios-sdk" */;
			productName = FirebaseMessaging;
		};
		448DFA6A291537D700E68911 /* FirebasePerformance */ = {
			isa = XCSwiftPackageProductDependency;
			package = 448DFA3D291537D700E68911 /* XCRemoteSwiftPackageReference "firebase-ios-sdk" */;
			productName = FirebasePerformance;
		};
		448DFA6C291537D700E68911 /* FirebaseRemoteConfig */ = {
			isa = XCSwiftPackageProductDependency;
			package = 448DFA3D291537D700E68911 /* XCRemoteSwiftPackageReference "firebase-ios-sdk" */;
			productName = FirebaseRemoteConfig;
		};
		448DFA6E291537D700E68911 /* FirebaseRemoteConfigSwift */ = {
			isa = XCSwiftPackageProductDependency;
			package = 448DFA3D291537D700E68911 /* XCRemoteSwiftPackageReference "firebase-ios-sdk" */;
			productName = FirebaseRemoteConfigSwift;
		};
		448DFA70291537D700E68911 /* FirebaseStorage */ = {
			isa = XCSwiftPackageProductDependency;
			package = 448DFA3D291537D700E68911 /* XCRemoteSwiftPackageReference "firebase-ios-sdk" */;
			productName = FirebaseStorage;
		};
		448DFA72291537D700E68911 /* FirebaseStorageCombine-Community */ = {
			isa = XCSwiftPackageProductDependency;
			package = 448DFA3D291537D700E68911 /* XCRemoteSwiftPackageReference "firebase-ios-sdk" */;
			productName = "FirebaseStorageCombine-Community";
		};
		44B596E828FD3F4B0066DB29 /* MessageKit */ = {
			isa = XCSwiftPackageProductDependency;
			package = 44B596E728FD3F4B0066DB29 /* XCRemoteSwiftPackageReference "MessageKit" */;
			productName = MessageKit;
		};
/* End XCSwiftPackageProductDependency section */

/* Begin XCVersionGroup section */
		44575D8729151FE7009B2753 /* FindMyTool.xcdatamodeld */ = {
			isa = XCVersionGroup;
			children = (
				44575D8829151FE7009B2753 /* FindMyTool.xcdatamodel */,
			);
			currentVersion = 44575D8829151FE7009B2753 /* FindMyTool.xcdatamodel */;
			path = FindMyTool.xcdatamodeld;
			sourceTree = "<group>";
			versionGroupType = wrapper.xcdatamodel;
		};
/* End XCVersionGroup section */
	};
	rootObject = 44B989A6288EBF140038B4F7 /* Project object */;
}
